<?xml version="1.0" encoding="utf-8"?>
<Project ToolsVersion="4.0" xmlns="http://schemas.microsoft.com/developer/msbuild/2003">
  <ItemGroup>
    <Filter Include="Source Files">
      <UniqueIdentifier>{4FC737F1-C7A5-4376-A066-2A32D752A2FF}</UniqueIdentifier>
      <Extensions>cpp;c;cc;cxx;def;odl;idl;hpj;bat;asm;asmx</Extensions>
    </Filter>
    <Filter Include="Header Files">
      <UniqueIdentifier>{93995380-89BD-4b04-88EB-625FBE52EBFB}</UniqueIdentifier>
      <Extensions>h;hh;hpp;hxx;hm;inl;inc;xsd</Extensions>
    </Filter>
    <Filter Include="Resource Files">
      <UniqueIdentifier>{67DA6AB6-F800-4c08-8B7A-83BB121AAD01}</UniqueIdentifier>
      <Extensions>rc;ico;cur;bmp;dlg;rc2;rct;bin;rgs;gif;jpg;jpeg;jpe;resx;tiff;tif;png;wav;mfcribbon-ms</Extensions>
    </Filter>
    <Filter Include="Libs">
      <UniqueIdentifier>{9f54667e-733b-4866-a04d-9d5f4f3d57eb}</UniqueIdentifier>
    </Filter>
    <Filter Include="Assets">
      <UniqueIdentifier>{a70f4905-5465-4dd6-aafb-ec9a060d5786}</UniqueIdentifier>
    </Filter>
    <Filter Include="Assets\Gui">
      <UniqueIdentifier>{e4acba82-f939-4a6b-b369-4ad0b58c684f}</UniqueIdentifier>
    </Filter>
    <Filter Include="CatchTests">
      <UniqueIdentifier>{5264d4d1-c136-425a-b529-f3ac408c2367}</UniqueIdentifier>
    </Filter>
    <Filter Include="Assets\Gui\Stroke">
      <UniqueIdentifier>{84a3835c-428f-4394-8591-b2957993e95c}</UniqueIdentifier>
    </Filter>
    <Filter Include="Docs">
      <UniqueIdentifier>{389502a0-4ed0-4cea-a477-3e3400506ecb}</UniqueIdentifier>
    </Filter>
    <Filter Include="Assets\Shaders">
      <UniqueIdentifier>{13e147ae-fa40-4ad6-bc88-c5260cbab2c7}</UniqueIdentifier>
    </Filter>
    <Filter Include="Assets\Shaders\opengl">
      <UniqueIdentifier>{5f6a7a55-3c78-47d9-b0ef-5911e95f9135}</UniqueIdentifier>
    </Filter>
    <Filter Include="Assets\Gui\GameStates">
      <UniqueIdentifier>{ffcfdbd7-f559-4dcd-a6d2-b5b1ac252b41}</UniqueIdentifier>
    </Filter>
    <Filter Include="Assets\Gui\PageLayout">
      <UniqueIdentifier>{9555aefb-1d27-4eb5-a7aa-227dc67ec9aa}</UniqueIdentifier>
    </Filter>
    <Filter Include="Assets\Gui\PageLayout\Landscape">
      <UniqueIdentifier>{60d5d345-6ce1-4901-af62-c3648d31bfa6}</UniqueIdentifier>
    </Filter>
    <Filter Include="Assets\Gui\PageLayout\Portrait">
      <UniqueIdentifier>{0f18077a-5e86-483b-89a9-501c6f5ee205}</UniqueIdentifier>
    </Filter>
    <Filter Include="Assets\Scene">
      <UniqueIdentifier>{6a4d1c27-e555-42fe-a8ef-d86e7c96b50b}</UniqueIdentifier>
    </Filter>
    <Filter Include="Assets\Gui\Tappables">
      <UniqueIdentifier>{8dc2b9af-840b-409a-bf8f-cf3466b0f258}</UniqueIdentifier>
    </Filter>
    <Filter Include="Assets\Gui\CorridorModes">
      <UniqueIdentifier>{06975070-ae9d-4e45-8be1-65b1289afc63}</UniqueIdentifier>
    </Filter>
    <Filter Include="Assets\Gui\AvatarMod">
      <UniqueIdentifier>{dd2add74-0e35-4f95-a943-b0620b29e2bc}</UniqueIdentifier>
    </Filter>
  </ItemGroup>
  <ItemGroup>
    <ClCompile Include="..\..\..\..\Source\GSPlayNotes.cpp">
      <Filter>Source Files</Filter>
    </ClCompile>
    <ClCompile Include="..\..\..\..\Source\GSBase.cpp">
      <Filter>Source Files</Filter>
    </ClCompile>
    <ClCompile Include="..\..\..\..\Source\GuiMusicScore.cpp">
      <Filter>Source Files</Filter>
    </ClCompile>
    <ClCompile Include="..\..\..\..\Source\GSShowGui.cpp">
      <Filter>Source Files</Filter>
    </ClCompile>
    <ClCompile Include="..\..\..\..\Source\Startup.cpp">
      <Filter>Source Files</Filter>
    </ClCompile>
    <ClCompile Include="..\..\..\..\Source\BassPlayMidi.cpp">
      <Filter>Source Files</Filter>
    </ClCompile>
    <ClCompile Include="..\..\..\..\Source\GSTestShowScore.cpp">
      <Filter>Source Files</Filter>
    </ClCompile>
    <ClCompile Include="..\..\..\..\Source\Tests\Question_catchtest.cpp">
      <Filter>CatchTests</Filter>
    </ClCompile>
    <ClCompile Include="..\..\..\..\Source\Tests\CatchTestMain.cpp">
      <Filter>CatchTests</Filter>
    </ClCompile>
    <ClCompile Include="..\..\..\..\Source\UserProfile.cpp">
      <Filter>Source Files</Filter>
    </ClCompile>
    <ClCompile Include="..\..\..\..\Source\Tests\Topic_catchtest.cpp">
      <Filter>CatchTests</Filter>
    </ClCompile>
    <ClCompile Include="..\..\..\..\Source\Tests\UserProfile_catchtest.cpp">
      <Filter>CatchTests</Filter>
    </ClCompile>
    <ClCompile Include="..\..\..\..\Source\Tests\Course_catchtest.cpp">
      <Filter>CatchTests</Filter>
    </ClCompile>
    <ClCompile Include="..\..\..\..\Source\GSPause.cpp">
      <Filter>Source Files</Filter>
    </ClCompile>
    <ClCompile Include="..\..\..\..\Source\GSAbout.cpp">
      <Filter>Source Files</Filter>
    </ClCompile>
    <ClCompile Include="..\..\..\..\Source\MusicEvent.cpp">
      <Filter>Source Files</Filter>
    </ClCompile>
    <ClCompile Include="..\..\..\..\Source\PrintGui.cpp">
      <Filter>Source Files</Filter>
    </ClCompile>
    <ClCompile Include="..\..\..\..\Source\Md2SceneNode.cpp">
      <Filter>Source Files</Filter>
    </ClCompile>
    <ClCompile Include="..\..\..\..\Source\GSBase3d.cpp">
      <Filter>Source Files</Filter>
    </ClCompile>
    <ClCompile Include="..\..\..\..\Source\PlayWav.cpp">
      <Filter>Source Files</Filter>
    </ClCompile>
    <ClCompile Include="..\..\..\..\Source\ShareManager.cpp">
      <Filter>Source Files</Filter>
    </ClCompile>
    <ClCompile Include="..\..\..\..\Source\MySceneGraph.cpp">
      <Filter>Source Files</Filter>
    </ClCompile>
    <ClCompile Include="..\..\..\..\Source\Consts.cpp">
      <Filter>Source Files</Filter>
    </ClCompile>
    <ClCompile Include="..\..\..\..\Source\Gui3dScene.cpp">
      <Filter>Source Files</Filter>
    </ClCompile>
    <ClCompile Include="..\..\..\..\Source\Tests\CreateDictionary.cpp">
      <Filter>CatchTests</Filter>
    </ClCompile>
    <ClCompile Include="..\..\..\..\Source\Tests\Dictionary_catchtest.cpp">
      <Filter>CatchTests</Filter>
    </ClCompile>
    <ClCompile Include="..\..\..\..\Source\Tests\MultiChoice_catchtest.cpp">
      <Filter>CatchTests</Filter>
    </ClCompile>
    <ClCompile Include="..\..\..\..\Source\Tests\MusicalTermQuestion_catchtest.cpp">
      <Filter>CatchTests</Filter>
    </ClCompile>
    <ClCompile Include="..\..\..\..\Source\Tests\QuestionPicker_catchtest.cpp">
      <Filter>CatchTests</Filter>
    </ClCompile>
    <ClCompile Include="..\..\..\..\Source\Tests\QuestionProgress_catchtest.cpp">
      <Filter>CatchTests</Filter>
    </ClCompile>
    <ClCompile Include="..\..\..\..\Source\SceneNodeGui.cpp">
      <Filter>Source Files</Filter>
    </ClCompile>
    <ClCompile Include="..\..\..\..\Source\ParticleFx.cpp">
      <Filter>Source Files</Filter>
    </ClCompile>
    <ClCompile Include="..\..\..\..\Source\UseVertexColourShader.cpp">
      <Filter>Source Files</Filter>
    </ClCompile>
    <ClCompile Include="..\..\..\..\Source\Tests\Localisation_catchtest.cpp">
      <Filter>CatchTests</Filter>
    </ClCompile>
    <ClCompile Include="..\..\..\..\Source\Palette.cpp">
      <Filter>Source Files</Filter>
    </ClCompile>
    <ClCompile Include="..\..\..\..\Source\GSHero.cpp">
      <Filter>Source Files</Filter>
    </ClCompile>
    <ClCompile Include="..\..\..\..\Source\GuiScrollScore.cpp">
      <Filter>Source Files</Filter>
    </ClCompile>
    <ClCompile Include="..\..\..\..\Source\Grader.cpp">
      <Filter>Source Files</Filter>
    </ClCompile>
    <ClCompile Include="..\..\..\..\Source\GS3dExample.cpp">
      <Filter>Source Files</Filter>
    </ClCompile>
    <ClCompile Include="..\..\..\..\Source\HeroGameRound.cpp">
      <Filter>Source Files</Filter>
    </ClCompile>
    <ClCompile Include="..\..\..\..\Source\GS3dTitle.cpp">
      <Filter>Source Files</Filter>
    </ClCompile>
    <ClCompile Include="..\..\..\..\Source\GSHeroEnd.cpp">
      <Filter>Source Files</Filter>
    </ClCompile>
    <ClCompile Include="..\..\..\..\Source\GSHeroWin.cpp">
      <Filter>Source Files</Filter>
    </ClCompile>
    <ClCompile Include="..\..\..\..\Source\GuiSetFromString.cpp">
      <Filter>Source Files</Filter>
    </ClCompile>
    <ClCompile Include="..\..\..\..\Source\FindSongSections.cpp">
      <Filter>Source Files</Filter>
    </ClCompile>
    <ClCompile Include="..\..\..\..\Source\GuiMusic2dKeyboard.cpp">
      <Filter>Source Files</Filter>
    </ClCompile>
    <ClCompile Include="..\..\..\..\Source\GuiMusicKbBase.cpp">
      <Filter>Source Files</Filter>
    </ClCompile>
    <ClCompile Include="..\..\..\..\Source\GuiPatch.cpp">
      <Filter>Source Files</Filter>
    </ClCompile>
    <ClCompile Include="..\..\..\..\Source\MyROConfig.cpp">
      <Filter>Source Files</Filter>
    </ClCompile>
    <ClCompile Include="..\..\..\..\Source\Hud.cpp">
      <Filter>Source Files</Filter>
    </ClCompile>
    <ClCompile Include="..\..\..\..\Source\HudNumber.cpp">
      <Filter>Source Files</Filter>
    </ClCompile>
    <ClCompile Include="..\..\..\..\Source\GSChooseSong.cpp">
      <Filter>Source Files</Filter>
    </ClCompile>
    <ClCompile Include="..\..\..\..\Source\NoteEvent.cpp">
      <Filter>Source Files</Filter>
    </ClCompile>
    <ClCompile Include="..\..\..\..\Source\AI.cpp">
      <Filter>Source Files</Filter>
    </ClCompile>
    <ClCompile Include="..\..\..\..\Source\AIFalling.cpp">
      <Filter>Source Files</Filter>
    </ClCompile>
    <ClCompile Include="..\..\..\..\Source\AIFly.cpp">
      <Filter>Source Files</Filter>
    </ClCompile>
    <ClCompile Include="..\..\..\..\Source\AIIdle.cpp">
      <Filter>Source Files</Filter>
    </ClCompile>
    <ClCompile Include="..\..\..\..\Source\Bird.cpp">
      <Filter>Source Files</Filter>
    </ClCompile>
    <ClCompile Include="..\..\..\..\Source\BlinkSceneNode.cpp">
      <Filter>Source Files</Filter>
    </ClCompile>
    <ClCompile Include="..\..\..\..\Source\GSConfirmSong.cpp">
      <Filter>Source Files</Filter>
    </ClCompile>
    <ClCompile Include="..\..\..\..\Source\WithHud.cpp">
      <Filter>Source Files</Filter>
    </ClCompile>
    <ClCompile Include="..\..\..\..\Source\Npc.cpp">
      <Filter>Source Files</Filter>
    </ClCompile>
    <ClCompile Include="..\..\..\..\Source\SceneTimeline.cpp">
      <Filter>Source Files</Filter>
    </ClCompile>
    <ClCompile Include="..\..\..\..\Source\Timeline.cpp">
      <Filter>Source Files</Filter>
    </ClCompile>
  </ItemGroup>
  <ItemGroup>
    <Library Include="..\..\..\..\..\amjulib\3rdPartyLibs\GLUT\glut32.lib">
      <Filter>Libs</Filter>
    </Library>
    <Library Include="..\..\..\..\..\amjulib\3rdPartyLibs\Curl\Win32\lib\libcurl.lib">
      <Filter>Libs</Filter>
    </Library>
    <Library Include="..\..\..\..\..\amjulib\3rdPartyLibs\Bass\2.4.18.3\bass24-win\c\bass.lib">
      <Filter>Libs</Filter>
    </Library>
    <Library Include="..\..\..\..\..\amjulib\3rdPartyLibs\Bass\BassMidi\2.4.15.3\bassmidi24-win\c\bassmidi.lib">
      <Filter>Libs</Filter>
    </Library>
  </ItemGroup>
  <ItemGroup>
    <ClInclude Include="..\..\..\..\Source\GSPlayNotes.h">
      <Filter>Header Files</Filter>
    </ClInclude>
    <ClInclude Include="..\..\..\..\Source\GSBase.h">
      <Filter>Header Files</Filter>
    </ClInclude>
    <ClInclude Include="..\..\..\..\Source\GuiMusicScore.h">
      <Filter>Header Files</Filter>
    </ClInclude>
    <ClInclude Include="..\..\..\..\Source\GSShowGui.h">
      <Filter>Header Files</Filter>
    </ClInclude>
    <ClInclude Include="..\..\..\..\Source\GuiMusicKb.h">
      <Filter>Header Files</Filter>
    </ClInclude>
    <ClInclude Include="..\..\..\..\Source\PlayMidi.h">
      <Filter>Header Files</Filter>
    </ClInclude>
    <ClInclude Include="..\..\..\..\Source\GSTestShowScore.h">
      <Filter>Header Files</Filter>
    </ClInclude>
    <ClInclude Include="..\..\..\..\Source\UserProfile.h">
      <Filter>Header Files</Filter>
    </ClInclude>
    <ClInclude Include="..\..\..\..\Source\GSPause.h">
      <Filter>Header Files</Filter>
    </ClInclude>
    <ClInclude Include="..\..\..\..\Source\GSAbout.h">
      <Filter>Header Files</Filter>
    </ClInclude>
    <ClInclude Include="..\..\..\..\Source\MusicEvent.h">
      <Filter>Header Files</Filter>
    </ClInclude>
    <ClInclude Include="..\..\..\..\Source\Md2SceneNode.h">
      <Filter>Header Files</Filter>
    </ClInclude>
    <ClInclude Include="..\..\..\..\Source\GSBase3d.h">
      <Filter>Header Files</Filter>
    </ClInclude>
    <ClInclude Include="..\..\..\..\Source\PlayWav.h">
      <Filter>Header Files</Filter>
    </ClInclude>
    <ClInclude Include="..\..\..\..\Source\Consts.h">
      <Filter>Header Files</Filter>
    </ClInclude>
    <ClInclude Include="..\..\..\..\Source\ShareManager.h">
      <Filter>Header Files</Filter>
    </ClInclude>
    <ClInclude Include="..\..\..\..\Source\MySceneGraph.h">
      <Filter>Header Files</Filter>
    </ClInclude>
    <ClInclude Include="..\..\..\..\Source\Version.h">
      <Filter>Header Files</Filter>
    </ClInclude>
    <ClInclude Include="..\..\..\..\Source\NumUpdate.h">
      <Filter>Header Files</Filter>
    </ClInclude>
    <ClInclude Include="..\..\..\..\Source\Gui3dScene.h">
      <Filter>Header Files</Filter>
    </ClInclude>
    <ClInclude Include="..\..\..\..\Source\Tests\CreateDictionary.h">
      <Filter>CatchTests</Filter>
    </ClInclude>
    <ClInclude Include="..\..\..\..\Source\SceneNodeGui.h">
      <Filter>Header Files</Filter>
    </ClInclude>
    <ClInclude Include="..\..\..\..\Source\ParticleFx.h">
      <Filter>Header Files</Filter>
    </ClInclude>
    <ClInclude Include="..\..\..\..\Source\UseVertexColourShader.h">
      <Filter>Header Files</Filter>
    </ClInclude>
    <ClInclude Include="..\..\..\..\Source\GSGuiEdit.h">
      <Filter>Header Files</Filter>
    </ClInclude>
    <ClInclude Include="..\..\..\..\Source\Palette.h">
      <Filter>Header Files</Filter>
    </ClInclude>
    <ClInclude Include="..\..\..\..\Source\Grader.h">
      <Filter>Header Files</Filter>
    </ClInclude>
    <ClInclude Include="..\..\..\..\Source\GS3dExample.h">
      <Filter>Header Files</Filter>
    </ClInclude>
    <ClInclude Include="..\..\..\..\Source\HeroGameRound.h">
      <Filter>Header Files</Filter>
    </ClInclude>
    <ClInclude Include="..\..\..\..\Source\NoteEvent.h">
      <Filter>Header Files</Filter>
    </ClInclude>
    <ClInclude Include="..\..\..\..\Source\PrintGui.h">
      <Filter>Header Files</Filter>
    </ClInclude>
    <ClInclude Include="..\..\..\..\Source\GS3dTitle.h">
      <Filter>Header Files</Filter>
    </ClInclude>
    <ClInclude Include="..\..\..\..\Source\GSHeroEnd.h">
      <Filter>Header Files</Filter>
    </ClInclude>
    <ClInclude Include="..\..\..\..\Source\GSHeroWin.h">
      <Filter>Header Files</Filter>
    </ClInclude>
    <ClInclude Include="..\..\..\..\Source\GuiSetFromString.h">
      <Filter>Header Files</Filter>
    </ClInclude>
    <ClInclude Include="..\..\..\..\Source\FindSongSections.h">
      <Filter>Header Files</Filter>
    </ClInclude>
    <ClInclude Include="..\..\..\..\Source\MyROConfig.h">
      <Filter>Header Files</Filter>
    </ClInclude>
    <ClInclude Include="..\..\..\..\Source\GSHero.h">
      <Filter>Header Files</Filter>
    </ClInclude>
    <ClInclude Include="..\..\..\..\Source\GuiMusic2dKeyboard.h">
      <Filter>Header Files</Filter>
    </ClInclude>
    <ClInclude Include="..\..\..\..\Source\GuiMusicKbBase.h">
      <Filter>Header Files</Filter>
    </ClInclude>
    <ClInclude Include="..\..\..\..\Source\GuiPatch.h">
      <Filter>Header Files</Filter>
    </ClInclude>
    <ClInclude Include="..\..\..\..\Source\GuiScrollScore.h">
      <Filter>Header Files</Filter>
    </ClInclude>
    <ClInclude Include="..\..\..\..\Source\Hud.h">
      <Filter>Header Files</Filter>
    </ClInclude>
    <ClInclude Include="..\..\..\..\Source\HudNumber.h">
      <Filter>Header Files</Filter>
    </ClInclude>
    <ClInclude Include="..\..\..\..\Source\GSChooseSong.h">
      <Filter>Header Files</Filter>
    </ClInclude>
    <ClInclude Include="..\..\..\..\Source\AI.h">
      <Filter>Header Files</Filter>
    </ClInclude>
    <ClInclude Include="..\..\..\..\Source\AIFalling.h">
      <Filter>Header Files</Filter>
    </ClInclude>
    <ClInclude Include="..\..\..\..\Source\AIFly.h">
      <Filter>Header Files</Filter>
    </ClInclude>
    <ClInclude Include="..\..\..\..\Source\AIIdle.h">
      <Filter>Header Files</Filter>
    </ClInclude>
    <ClInclude Include="..\..\..\..\Source\Bird.h">
      <Filter>Header Files</Filter>
    </ClInclude>
    <ClInclude Include="..\..\..\..\Source\BlinkSceneNode.h">
      <Filter>Header Files</Filter>
    </ClInclude>
    <ClInclude Include="..\..\..\..\Source\GSConfirmSong.h">
      <Filter>Header Files</Filter>
    </ClInclude>
    <ClInclude Include="..\..\..\..\Source\WithHud.h">
      <Filter>Header Files</Filter>
    </ClInclude>
    <ClInclude Include="..\..\..\..\Source\Npc.h">
      <Filter>Header Files</Filter>
    </ClInclude>
    <ClInclude Include="..\..\..\..\Source\SceneTimeline.h">
      <Filter>Header Files</Filter>
    </ClInclude>
    <ClInclude Include="..\..\..\..\Source\Timeline.h">
      <Filter>Header Files</Filter>
    </ClInclude>
  </ItemGroup>
  <ItemGroup>
    <Text Include="..\..\..\..\Assets\Gui\keyboard.txt">
      <Filter>Assets\Gui</Filter>
    </Text>
    <Text Include="..\..\..\..\Assets\Gui\title-text.txt">
      <Filter>Assets\Gui</Filter>
    </Text>
    <Text Include="..\..\..\..\Assets\Gui\stroke-mid-line.txt">
      <Filter>Assets\Gui\Stroke</Filter>
    </Text>
    <Text Include="..\..\..\..\Docs\TODO.txt">
      <Filter>Docs</Filter>
    </Text>
    <Text Include="..\..\..\..\Docs\bugs.txt">
      <Filter>Docs</Filter>
    </Text>
    <Text Include="..\..\..\..\Assets\Shaders\opengl\gui-frag.txt">
      <Filter>Assets\Shaders\opengl</Filter>
    </Text>
    <Text Include="..\..\..\..\Assets\Shaders\opengl\gui-vert.txt">
      <Filter>Assets\Shaders\opengl</Filter>
    </Text>
    <Text Include="..\..\..\..\Assets\Gui\boilerplate.txt">
      <Filter>Assets\Gui</Filter>
    </Text>
    <Text Include="..\..\..\..\Assets\Gui\compound_glyphs.txt">
      <Filter>Assets\Gui</Filter>
    </Text>
    <Text Include="..\..\..\..\Assets\Gui\gs_about.txt">
      <Filter>Assets\Gui\GameStates</Filter>
    </Text>
    <Text Include="..\..\..\..\Assets\Gui\gs_line_drawing.txt">
      <Filter>Assets\Gui\GameStates</Filter>
    </Text>
    <Text Include="..\..\..\..\Assets\Gui\gs_main_menu.txt">
      <Filter>Assets\Gui\GameStates</Filter>
    </Text>
    <Text Include="..\..\..\..\Assets\Gui\gs_main_menu_corridor.txt">
      <Filter>Assets\Gui\GameStates</Filter>
    </Text>
    <Text Include="..\..\..\..\Assets\Gui\gs_play_notes.txt">
      <Filter>Assets\Gui\GameStates</Filter>
    </Text>
    <Text Include="..\..\..\..\Assets\Gui\gs_score.txt">
      <Filter>Assets\Gui\GameStates</Filter>
    </Text>
    <Text Include="..\..\..\..\Assets\Gui\gs_test_show_score.txt">
      <Filter>Assets\Gui\GameStates</Filter>
    </Text>
    <Text Include="..\..\..\..\Assets\Gui\gs_title.txt">
      <Filter>Assets\Gui\GameStates</Filter>
    </Text>
    <Text Include="..\..\..\..\Assets\Gui\gs_topic_end.txt">
      <Filter>Assets\Gui\GameStates</Filter>
    </Text>
    <Text Include="..\..\..\..\Assets\Gui\gs_topic_start.txt">
      <Filter>Assets\Gui\GameStates</Filter>
    </Text>
    <Text Include="..\..\..\..\Assets\Gui\gs_user_draw.txt">
      <Filter>Assets\Gui\GameStates</Filter>
    </Text>
    <Text Include="..\..\..\..\Assets\Gui\gs-first-user.txt">
      <Filter>Assets\Gui\GameStates</Filter>
    </Text>
    <Text Include="..\..\..\..\Assets\Gui\page_symbol_text_4_landscape.txt">
      <Filter>Assets\Gui\PageLayout\Landscape</Filter>
    </Text>
    <Text Include="..\..\..\..\Assets\Gui\mcq_buttons_wide_landscape.txt">
      <Filter>Assets\Gui\PageLayout\Landscape</Filter>
    </Text>
    <Text Include="..\..\..\..\Assets\Gui\gui_top_bar_landscape.txt">
      <Filter>Assets\Gui\PageLayout\Landscape</Filter>
    </Text>
    <Text Include="..\..\..\..\Assets\Gui\gui-top-bar.txt">
      <Filter>Assets\Gui\PageLayout\Portrait</Filter>
    </Text>
    <Text Include="..\..\..\..\Assets\Gui\mcq-buttons-wide.txt">
      <Filter>Assets\Gui\PageLayout\Portrait</Filter>
    </Text>
    <Text Include="..\..\..\..\Assets\Gui\quit-confirm.txt">
      <Filter>Assets\Gui\PageLayout\Portrait</Filter>
    </Text>
    <Text Include="..\..\..\..\Assets\Gui\page_text_text_4_landscape.txt">
      <Filter>Assets\Gui\PageLayout\Landscape</Filter>
    </Text>
    <Text Include="..\..\..\..\Assets\Gui\page_text_text_4.txt">
      <Filter>Assets\Gui\PageLayout\Portrait</Filter>
    </Text>
    <Text Include="..\..\..\..\Assets\Gui\page_symbol_text_4.txt">
      <Filter>Assets\Gui\PageLayout\Portrait</Filter>
    </Text>
    <Text Include="..\..\..\..\Assets\Gui\page_symbol_symbol_4.txt">
      <Filter>Assets\Gui\PageLayout\Portrait</Filter>
    </Text>
    <Text Include="..\..\..\..\Assets\Gui\page_symbol_symbol_4_landscape.txt">
      <Filter>Assets\Gui\PageLayout\Landscape</Filter>
    </Text>
    <Text Include="..\..\..\..\Assets\Gui\mcq-buttons-square-symbol.txt">
      <Filter>Assets\Gui\PageLayout\Portrait</Filter>
    </Text>
    <Text Include="..\..\..\..\Assets\Gui\page_text_symbol_4_landscape.txt">
      <Filter>Assets\Gui\PageLayout\Landscape</Filter>
    </Text>
    <Text Include="..\..\..\..\Assets\Gui\page_text_symbol_4.txt">
      <Filter>Assets\Gui\PageLayout\Portrait</Filter>
    </Text>
    <Text Include="..\..\..\..\Assets\Gui\gs_pages_landscape.txt">
      <Filter>Assets\Gui\PageLayout\Landscape</Filter>
    </Text>
    <Text Include="..\..\..\..\Assets\Gui\gs_pages.txt">
      <Filter>Assets\Gui\PageLayout\Portrait</Filter>
    </Text>
    <Text Include="..\..\..\..\Assets\Gui\music-score-bg.txt">
      <Filter>Assets\Gui\PageLayout\Portrait</Filter>
    </Text>
    <Text Include="..\..\..\..\Assets\Gui\music_score_bg_landscape.txt">
      <Filter>Assets\Gui\PageLayout\Landscape</Filter>
    </Text>
    <Text Include="..\..\..\..\Assets\Gui\text_bg_landscape.txt">
      <Filter>Assets\Gui\PageLayout\Landscape</Filter>
    </Text>
    <Text Include="..\..\..\..\Assets\Gui\question_text_landscape.txt">
      <Filter>Assets\Gui\PageLayout\Landscape</Filter>
    </Text>
    <Text Include="..\..\..\..\Assets\Gui\question_symbol_landscape.txt">
      <Filter>Assets\Gui\PageLayout\Landscape</Filter>
    </Text>
    <Text Include="..\..\..\..\Assets\Gui\stroke-rubout.txt">
      <Filter>Assets\Gui\Stroke</Filter>
    </Text>
    <Text Include="..\..\..\..\Assets\Gui\speech_bubble_landscape.txt">
      <Filter>Assets\Gui\PageLayout\Landscape</Filter>
    </Text>
    <Text Include="..\..\..\..\Assets\Scene\room1-scene.txt">
      <Filter>Assets\Scene</Filter>
    </Text>
    <Text Include="..\..\..\..\Assets\Scene\schoolhouse-scene.txt">
      <Filter>Assets\Scene</Filter>
    </Text>
    <Text Include="..\..\..\..\Assets\Shaders\opengl\rotating-frag.txt">
      <Filter>Assets\Shaders\opengl</Filter>
    </Text>
    <Text Include="..\..\..\..\Assets\Shaders\opengl\rotating-vert.txt">
      <Filter>Assets\Shaders\opengl</Filter>
    </Text>
    <Text Include="..\..\..\..\Assets\Gui\page_symbol_kb_landscape.txt">
      <Filter>Assets\Gui\PageLayout\Landscape</Filter>
    </Text>
    <Text Include="..\..\..\..\Assets\Gui\corridor_mode_wait.txt">
      <Filter>Assets\Gui\CorridorModes</Filter>
    </Text>
    <Text Include="..\..\..\..\Assets\Gui\corridor_mode_show_tappable.txt">
      <Filter>Assets\Gui\CorridorModes</Filter>
    </Text>
    <Text Include="..\..\..\..\Assets\Gui\tap-picture-note-lengths.txt">
      <Filter>Assets\Gui\Tappables</Filter>
    </Text>
    <Text Include="..\..\..\..\Assets\Gui\tap-picture-note-lengths-quavers.txt">
      <Filter>Assets\Gui\Tappables</Filter>
    </Text>
    <Text Include="..\..\..\..\Assets\Gui\hint-display.txt">
      <Filter>Assets\Gui</Filter>
    </Text>
    <Text Include="..\..\..\..\Assets\Gui\keyboard-black.txt">
      <Filter>Assets\Gui</Filter>
    </Text>
    <Text Include="..\..\..\..\Assets\Gui\keyboard-pink.txt">
      <Filter>Assets\Gui</Filter>
    </Text>
    <Text Include="..\..\..\..\Assets\Scene\title-scene.txt">
      <Filter>Assets\Scene</Filter>
    </Text>
    <Text Include="..\..\..\..\Assets\Scene\topic_start_scene.txt">
      <Filter>Assets\Scene</Filter>
    </Text>
    <Text Include="..\..\..\..\Assets\Gui\page_play_notes.txt">
      <Filter>Assets\Gui\PageLayout\Landscape</Filter>
    </Text>
    <Text Include="..\..\..\..\Assets\Gui\page_interval.txt">
      <Filter>Assets\Gui\PageLayout\Landscape</Filter>
    </Text>
    <Text Include="..\..\..\..\Assets\Gui\mcq_buttons_square_symbol_4_landscape.txt">
      <Filter>Assets\Gui\PageLayout\Landscape</Filter>
    </Text>
    <Text Include="..\..\..\..\Assets\Gui\blackboard_erase.txt">
      <Filter>Assets\Gui\PageLayout\Landscape</Filter>
    </Text>
    <Text Include="..\..\..\..\Assets\Gui\player-score.txt">
      <Filter>Assets\Gui\PageLayout\Landscape</Filter>
    </Text>
    <Text Include="..\..\..\..\Assets\en.txt">
      <Filter>Assets</Filter>
    </Text>
    <Text Include="..\..\..\..\Assets\Gui\hint-display-no-button.txt">
      <Filter>Assets\Gui</Filter>
    </Text>
    <Text Include="..\..\..\..\Assets\Scene\corridor-one-door-1.txt">
      <Filter>Assets\Scene</Filter>
    </Text>
    <Text Include="..\..\..\..\Assets\Scene\corridor-one-door-2.txt">
      <Filter>Assets\Scene</Filter>
    </Text>
    <Text Include="..\..\..\..\Assets\Scene\corridor-scene-1.txt">
      <Filter>Assets\Scene</Filter>
    </Text>
    <Text Include="..\..\..\..\Assets\Scene\corridor-scene-2.txt">
      <Filter>Assets\Scene</Filter>
    </Text>
    <Text Include="..\..\..\..\Assets\Gui\tappables-1.txt">
      <Filter>Assets\Gui\Tappables</Filter>
    </Text>
    <Text Include="..\..\..\..\Assets\Gui\tappables-2.txt">
      <Filter>Assets\Gui\Tappables</Filter>
    </Text>
    <Text Include="..\..\..\..\Assets\Gui\tap-picture-treb-clef.txt">
      <Filter>Assets\Gui\Tappables</Filter>
    </Text>
    <Text Include="..\..\..\..\Assets\Gui\keyboard-pink-with-treb-clef-1.txt">
      <Filter>Assets\Gui\Tappables</Filter>
    </Text>
    <Text Include="..\..\..\..\Assets\Gui\tap-pic-notes-on-treb-clef-1.txt">
      <Filter>Assets\Gui\Tappables</Filter>
    </Text>
    <Text Include="..\..\..\..\Assets\Gui\tap-picture-semibreve.txt">
      <Filter>Assets\Gui\Tappables</Filter>
    </Text>
    <Text Include="..\..\..\..\Assets\Gui\hearts.txt">
      <Filter>Assets\Gui\PageLayout\Landscape</Filter>
    </Text>
    <Text Include="..\..\..\..\Assets\Gui\corridor-shadow.txt">
      <Filter>Assets\Scene</Filter>
    </Text>
    <Text Include="..\..\..\..\Assets\Gui\certificate.txt">
      <Filter>Assets\Gui</Filter>
    </Text>
    <Text Include="..\..\..\..\Assets\Gui\static-certificate.txt">
      <Filter>Assets\Gui</Filter>
    </Text>
    <Text Include="..\..\..\..\Assets\Gui\composers.txt">
      <Filter>Assets\Gui</Filter>
    </Text>
    <Text Include="..\..\..\..\Assets\Gui\tutorial.txt">
      <Filter>Assets\Gui</Filter>
    </Text>
    <Text Include="..\..\..\..\Assets\Gui\modal-grey-out.txt">
      <Filter>Assets\Gui</Filter>
    </Text>
    <Text Include="..\..\..\..\Assets\Gui\modal-buttons.txt">
      <Filter>Assets\Gui</Filter>
    </Text>
    <Text Include="..\..\..\..\Assets\Gui\avatar-mod-bg-and-tabs.txt">
      <Filter>Assets\Gui\AvatarMod</Filter>
    </Text>
    <Text Include="..\..\..\..\Assets\Gui\colour-picker.txt">
      <Filter>Assets\Gui\AvatarMod</Filter>
    </Text>
    <Text Include="..\..\..\..\Assets\Gui\avatar-mod-head.txt">
      <Filter>Assets\Gui\AvatarMod</Filter>
    </Text>
    <Text Include="..\..\..\..\Assets\Gui\direction-control.txt">
      <Filter>Assets\Gui\AvatarMod</Filter>
    </Text>
    <Text Include="..\..\..\..\Assets\Gui\gs-avatar-mod.txt">
      <Filter>Assets\Gui\AvatarMod</Filter>
    </Text>
    <Text Include="..\..\..\..\Assets\Gui\avatar.txt">
      <Filter>Assets\Gui\AvatarMod</Filter>
    </Text>
    <Text Include="..\..\..\..\Assets\Gui\avatar-eye-simple.txt">
      <Filter>Assets\Gui\AvatarMod</Filter>
    </Text>
    <Text Include="..\..\..\..\Assets\Gui\avatar-mod-body.txt">
      <Filter>Assets\Gui\AvatarMod</Filter>
    </Text>
    <Text Include="..\..\..\..\Assets\Gui\avatar-mod-eye.txt">
      <Filter>Assets\Gui\AvatarMod</Filter>
    </Text>
    <Text Include="..\..\..\..\Assets\Gui\avatar-mod-eyebrow.txt">
      <Filter>Assets\Gui\AvatarMod</Filter>
    </Text>
    <Text Include="..\..\..\..\Assets\Gui\avatar-mod-hair.txt">
      <Filter>Assets\Gui\AvatarMod</Filter>
    </Text>
    <Text Include="..\..\..\..\Assets\Gui\avatar-mod-lower-lid.txt">
      <Filter>Assets\Gui\AvatarMod</Filter>
    </Text>
    <Text Include="..\..\..\..\Assets\Gui\avatar-mod-upper-lid.txt">
      <Filter>Assets\Gui\AvatarMod</Filter>
    </Text>
    <Text Include="..\..\..\..\Assets\Gui\cell-control.txt">
      <Filter>Assets\Gui\AvatarMod</Filter>
    </Text>
    <Text Include="..\..\..\..\Assets\Gui\scale-control.txt">
      <Filter>Assets\Gui\AvatarMod</Filter>
    </Text>
    <Text Include="..\..\..\..\Assets\Gui\avatar-mod-glasses.txt">
      <Filter>Assets\Gui\AvatarMod</Filter>
    </Text>
    <Text Include="..\..\..\..\Assets\Gui\avatar-mod-nose.txt">
      <Filter>Assets\Gui\AvatarMod</Filter>
    </Text>
    <Text Include="..\..\..\..\Assets\Gui\avatar-mod-mouth.txt">
      <Filter>Assets\Gui\AvatarMod</Filter>
    </Text>
  </ItemGroup>
</Project>