<?xml version="1.0" encoding="utf-8"?>
<Project ToolsVersion="4.0" xmlns="http://schemas.microsoft.com/developer/msbuild/2003">
  <ItemGroup>
    <Filter Include="Source Files">
      <UniqueIdentifier>{4FC737F1-C7A5-4376-A066-2A32D752A2FF}</UniqueIdentifier>
      <Extensions>cpp;c;cc;cxx;def;odl;idl;hpj;bat;asm;asmx</Extensions>
    </Filter>
    <Filter Include="Header Files">
      <UniqueIdentifier>{93995380-89BD-4b04-88EB-625FBE52EBFB}</UniqueIdentifier>
      <Extensions>h;hh;hpp;hxx;hm;inl;inc;xsd</Extensions>
    </Filter>
    <Filter Include="Resource Files">
      <UniqueIdentifier>{67DA6AB6-F800-4c08-8B7A-83BB121AAD01}</UniqueIdentifier>
      <Extensions>rc;ico;cur;bmp;dlg;rc2;rct;bin;rgs;gif;jpg;jpeg;jpe;resx;tiff;tif;png;wav;mfcribbon-ms</Extensions>
    </Filter>
    <Filter Include="Libs">
      <UniqueIdentifier>{9f54667e-733b-4866-a04d-9d5f4f3d57eb}</UniqueIdentifier>
    </Filter>
    <Filter Include="Assets">
      <UniqueIdentifier>{a70f4905-5465-4dd6-aafb-ec9a060d5786}</UniqueIdentifier>
    </Filter>
    <Filter Include="Assets\Gui">
      <UniqueIdentifier>{e4acba82-f939-4a6b-b369-4ad0b58c684f}</UniqueIdentifier>
    </Filter>
    <Filter Include="CatchTests">
      <UniqueIdentifier>{5264d4d1-c136-425a-b529-f3ac408c2367}</UniqueIdentifier>
    </Filter>
    <Filter Include="Assets\Gui\Stroke">
      <UniqueIdentifier>{84a3835c-428f-4394-8591-b2957993e95c}</UniqueIdentifier>
    </Filter>
    <Filter Include="Assets\Course">
      <UniqueIdentifier>{1852cf61-39d7-446d-ad98-d2ea2fd0ea31}</UniqueIdentifier>
    </Filter>
    <Filter Include="Docs">
      <UniqueIdentifier>{389502a0-4ed0-4cea-a477-3e3400506ecb}</UniqueIdentifier>
    </Filter>
    <Filter Include="Assets\Shaders">
      <UniqueIdentifier>{13e147ae-fa40-4ad6-bc88-c5260cbab2c7}</UniqueIdentifier>
    </Filter>
    <Filter Include="Assets\Shaders\opengl">
      <UniqueIdentifier>{5f6a7a55-3c78-47d9-b0ef-5911e95f9135}</UniqueIdentifier>
    </Filter>
    <Filter Include="Assets\Gui\GameStates">
      <UniqueIdentifier>{ffcfdbd7-f559-4dcd-a6d2-b5b1ac252b41}</UniqueIdentifier>
    </Filter>
    <Filter Include="Assets\Gui\PageLayout">
      <UniqueIdentifier>{9555aefb-1d27-4eb5-a7aa-227dc67ec9aa}</UniqueIdentifier>
    </Filter>
    <Filter Include="Assets\Gui\PageLayout\Landscape">
      <UniqueIdentifier>{60d5d345-6ce1-4901-af62-c3648d31bfa6}</UniqueIdentifier>
    </Filter>
    <Filter Include="Assets\Gui\PageLayout\Portrait">
      <UniqueIdentifier>{0f18077a-5e86-483b-89a9-501c6f5ee205}</UniqueIdentifier>
    </Filter>
    <Filter Include="Assets\Scene">
      <UniqueIdentifier>{6a4d1c27-e555-42fe-a8ef-d86e7c96b50b}</UniqueIdentifier>
    </Filter>
    <Filter Include="Assets\Gui\Tappables">
      <UniqueIdentifier>{8dc2b9af-840b-409a-bf8f-cf3466b0f258}</UniqueIdentifier>
    </Filter>
    <Filter Include="Assets\Gui\CorridorModes">
      <UniqueIdentifier>{06975070-ae9d-4e45-8be1-65b1289afc63}</UniqueIdentifier>
    </Filter>
    <Filter Include="Assets\Course\expl">
      <UniqueIdentifier>{afc6d3ec-57f5-42f2-b999-77e7b9df283e}</UniqueIdentifier>
    </Filter>
    <Filter Include="Assets\Course\expl\tonic-triads">
      <UniqueIdentifier>{e11ce825-8bcc-42a8-90b2-20013a4fd2ad}</UniqueIdentifier>
    </Filter>
    <Filter Include="Assets\Course\Level1">
      <UniqueIdentifier>{f432f62c-1746-45bf-8aaf-cc2e3cb99236}</UniqueIdentifier>
    </Filter>
    <Filter Include="Assets\Course\Level2">
      <UniqueIdentifier>{5590a80d-0bdb-4ee5-98ca-0638115ad242}</UniqueIdentifier>
    </Filter>
    <Filter Include="Assets\Course\Level3">
      <UniqueIdentifier>{d661259d-39c4-489e-a3d7-bd1da5567a3a}</UniqueIdentifier>
    </Filter>
    <Filter Include="Assets\Course\Level4">
      <UniqueIdentifier>{4675da55-540f-44ff-9112-5ba0f2661ab5}</UniqueIdentifier>
    </Filter>
    <Filter Include="Assets\Gui\AvatarMod">
      <UniqueIdentifier>{dd2add74-0e35-4f95-a943-b0620b29e2bc}</UniqueIdentifier>
    </Filter>
  </ItemGroup>
  <ItemGroup>
    <ClCompile Include="..\..\..\..\Source\GSPlayNotes.cpp">
      <Filter>Source Files</Filter>
    </ClCompile>
    <ClCompile Include="..\..\..\..\Source\GSBase.cpp">
      <Filter>Source Files</Filter>
    </ClCompile>
    <ClCompile Include="..\..\..\..\Source\GuiMusicScore.cpp">
      <Filter>Source Files</Filter>
    </ClCompile>
    <ClCompile Include="..\..\..\..\Source\GSShowMusicScore.cpp">
      <Filter>Source Files</Filter>
    </ClCompile>
    <ClCompile Include="..\..\..\..\Source\GSShowGui.cpp">
      <Filter>Source Files</Filter>
    </ClCompile>
    <ClCompile Include="..\..\..\..\Source\GSUserDraw.cpp">
      <Filter>Source Files</Filter>
    </ClCompile>
    <ClCompile Include="..\..\..\..\Source\GuiMusicKb.cpp">
      <Filter>Source Files</Filter>
    </ClCompile>
    <ClCompile Include="..\..\..\..\Source\Page.cpp">
      <Filter>Source Files</Filter>
    </ClCompile>
    <ClCompile Include="..\..\..\..\Source\ScoreBuilder.cpp">
      <Filter>Source Files</Filter>
    </ClCompile>
    <ClCompile Include="..\..\..\..\Source\Startup.cpp">
      <Filter>Source Files</Filter>
    </ClCompile>
    <ClCompile Include="..\..\..\..\Source\BassPlayMidi.cpp">
      <Filter>Source Files</Filter>
    </ClCompile>
    <ClCompile Include="..\..\..\..\Source\Question.cpp">
      <Filter>Source Files</Filter>
    </ClCompile>
    <ClCompile Include="..\..\..\..\Source\GSTestShowScore.cpp">
      <Filter>Source Files</Filter>
    </ClCompile>
    <ClCompile Include="..\..\..\..\Source\Tests\Question_catchtest.cpp">
      <Filter>CatchTests</Filter>
    </ClCompile>
    <ClCompile Include="..\..\..\..\Source\Tests\CatchTestMain.cpp">
      <Filter>CatchTests</Filter>
    </ClCompile>
    <ClCompile Include="..\..\..\..\Source\GSPages.cpp">
      <Filter>Source Files</Filter>
    </ClCompile>
    <ClCompile Include="..\..\..\..\Source\GSUserDrawSave.cpp">
      <Filter>Source Files</Filter>
    </ClCompile>
    <ClCompile Include="..\..\..\..\Source\GSTitle.cpp">
      <Filter>Source Files</Filter>
    </ClCompile>
    <ClCompile Include="..\..\..\..\Source\Topic.cpp">
      <Filter>Source Files</Filter>
    </ClCompile>
    <ClCompile Include="..\..\..\..\Source\UserProfile.cpp">
      <Filter>Source Files</Filter>
    </ClCompile>
    <ClCompile Include="..\..\..\..\Source\Tests\Topic_catchtest.cpp">
      <Filter>CatchTests</Filter>
    </ClCompile>
    <ClCompile Include="..\..\..\..\Source\Tests\UserProfile_catchtest.cpp">
      <Filter>CatchTests</Filter>
    </ClCompile>
    <ClCompile Include="..\..\..\..\Source\Tests\Course_catchtest.cpp">
      <Filter>CatchTests</Filter>
    </ClCompile>
    <ClCompile Include="..\..\..\..\Source\Course.cpp">
      <Filter>Source Files</Filter>
    </ClCompile>
    <ClCompile Include="..\..\..\..\Source\GSTopicStart.cpp">
      <Filter>Source Files</Filter>
    </ClCompile>
    <ClCompile Include="..\..\..\..\Source\GSPause.cpp">
      <Filter>Source Files</Filter>
    </ClCompile>
    <ClCompile Include="..\..\..\..\Source\GSTopicEnd.cpp">
      <Filter>Source Files</Filter>
    </ClCompile>
    <ClCompile Include="..\..\..\..\Source\MultiChoiceQuestion.cpp">
      <Filter>Source Files</Filter>
    </ClCompile>
    <ClCompile Include="..\..\..\..\Source\MusicalTermQuestion.cpp">
      <Filter>Source Files</Filter>
    </ClCompile>
    <ClCompile Include="..\..\..\..\Source\GSAbout.cpp">
      <Filter>Source Files</Filter>
    </ClCompile>
    <ClCompile Include="..\..\..\..\Source\GSFirstUser.cpp">
      <Filter>Source Files</Filter>
    </ClCompile>
    <ClCompile Include="..\..\..\..\Source\PageFactory.cpp">
      <Filter>Source Files</Filter>
    </ClCompile>
    <ClCompile Include="..\..\..\..\Source\PagePlayNotes.cpp">
      <Filter>Source Files</Filter>
    </ClCompile>
    <ClCompile Include="..\..\..\..\Source\MusicEvent.cpp">
      <Filter>Source Files</Filter>
    </ClCompile>
    <ClCompile Include="..\..\..\..\Source\PageMultiChoice.cpp">
      <Filter>Source Files</Filter>
    </ClCompile>
    <ClCompile Include="..\..\..\..\Source\Dictionary.cpp">
      <Filter>Source Files</Filter>
    </ClCompile>
    <ClCompile Include="..\..\..\..\Source\PrintGui.cpp">
      <Filter>Source Files</Filter>
    </ClCompile>
    <ClCompile Include="..\..\..\..\Source\Md2SceneNode.cpp">
      <Filter>Source Files</Filter>
    </ClCompile>
    <ClCompile Include="..\..\..\..\Source\GSBase3d.cpp">
      <Filter>Source Files</Filter>
    </ClCompile>
    <ClCompile Include="..\..\..\..\Source\PlayWav.cpp">
      <Filter>Source Files</Filter>
    </ClCompile>
    <ClCompile Include="..\..\..\..\Source\PageQuestion.cpp">
      <Filter>Source Files</Filter>
    </ClCompile>
    <ClCompile Include="..\..\..\..\Source\DictionaryPickQuestion.cpp">
      <Filter>Source Files</Filter>
    </ClCompile>
    <ClCompile Include="..\..\..\..\Source\Tappable.cpp">
      <Filter>Source Files</Filter>
    </ClCompile>
    <ClCompile Include="..\..\..\..\Source\CorridorMode.cpp">
      <Filter>Source Files</Filter>
    </ClCompile>
    <ClCompile Include="..\..\..\..\Source\CorridorModeWait.cpp">
      <Filter>Source Files</Filter>
    </ClCompile>
    <ClCompile Include="..\..\..\..\Source\CorridorModeEnterClassroom.cpp">
      <Filter>Source Files</Filter>
    </ClCompile>
    <ClCompile Include="..\..\..\..\Source\CorridorModeShowTappable.cpp">
      <Filter>Source Files</Filter>
    </ClCompile>
    <ClCompile Include="..\..\..\..\Source\CorridorModeEnterTappable.cpp">
      <Filter>Source Files</Filter>
    </ClCompile>
    <ClCompile Include="..\..\..\..\Source\CorridorModeExitTappable.cpp">
      <Filter>Source Files</Filter>
    </ClCompile>
    <ClCompile Include="..\..\..\..\Source\CorridorModeExitClassroom.cpp">
      <Filter>Source Files</Filter>
    </ClCompile>
    <ClCompile Include="..\..\..\..\Source\CorridorCamController.cpp">
      <Filter>Source Files</Filter>
    </ClCompile>
    <ClCompile Include="..\..\..\..\Source\GSMainCorridor.cpp">
      <Filter>Source Files</Filter>
    </ClCompile>
    <ClCompile Include="..\..\..\..\Source\ShareManager.cpp">
      <Filter>Source Files</Filter>
    </ClCompile>
    <ClCompile Include="..\..\..\..\Source\TappableFactory.cpp">
      <Filter>Source Files</Filter>
    </ClCompile>
    <ClCompile Include="..\..\..\..\Source\TappableHint.cpp">
      <Filter>Source Files</Filter>
    </ClCompile>
    <ClCompile Include="..\..\..\..\Source\MySceneGraph.cpp">
      <Filter>Source Files</Filter>
    </ClCompile>
    <ClCompile Include="..\..\..\..\Source\GSCopyAssets.cpp">
      <Filter>Source Files</Filter>
    </ClCompile>
    <ClCompile Include="..\..\..\..\Source\LurkMsg.cpp">
      <Filter>Source Files</Filter>
    </ClCompile>
    <ClCompile Include="..\..\..\..\Source\NetSend.cpp">
      <Filter>Source Files</Filter>
    </ClCompile>
    <ClCompile Include="..\..\..\..\Source\SerialReqManager.cpp">
      <Filter>Source Files</Filter>
    </ClCompile>
    <ClCompile Include="..\..\..\..\Source\Version.cpp">
      <Filter>Source Files</Filter>
    </ClCompile>
    <ClCompile Include="..\..\..\..\Source\Consts.cpp">
      <Filter>Source Files</Filter>
    </ClCompile>
    <ClCompile Include="..\..\..\..\Source\TutorialIds.cpp">
      <Filter>Source Files</Filter>
    </ClCompile>
    <ClCompile Include="..\..\..\..\Source\TutorialManager.cpp">
      <Filter>Source Files</Filter>
    </ClCompile>
    <ClCompile Include="..\..\..\..\Source\CentreMsg.cpp">
      <Filter>Source Files</Filter>
    </ClCompile>
    <ClCompile Include="..\..\..\..\Source\NumUpdate.cpp">
      <Filter>Source Files</Filter>
    </ClCompile>
    <ClCompile Include="..\..\..\..\Source\CorridorModeEnterStairs.cpp">
      <Filter>Source Files</Filter>
    </ClCompile>
    <ClCompile Include="..\..\..\..\Source\CorridorModeExitStairs.cpp">
      <Filter>Source Files</Filter>
    </ClCompile>
    <ClCompile Include="..\..\..\..\Source\CorridorModeLerpCam.cpp">
      <Filter>Source Files</Filter>
    </ClCompile>
    <ClCompile Include="..\..\..\..\Source\Gui3dScene.cpp">
      <Filter>Source Files</Filter>
    </ClCompile>
    <ClCompile Include="..\..\..\..\Source\Tests\CreateDictionary.cpp">
      <Filter>CatchTests</Filter>
    </ClCompile>
    <ClCompile Include="..\..\..\..\Source\Tests\Dictionary_catchtest.cpp">
      <Filter>CatchTests</Filter>
    </ClCompile>
    <ClCompile Include="..\..\..\..\Source\Tests\MultiChoice_catchtest.cpp">
      <Filter>CatchTests</Filter>
    </ClCompile>
    <ClCompile Include="..\..\..\..\Source\Tests\MusicalTermQuestion_catchtest.cpp">
      <Filter>CatchTests</Filter>
    </ClCompile>
    <ClCompile Include="..\..\..\..\Source\Tests\QuestionPicker_catchtest.cpp">
      <Filter>CatchTests</Filter>
    </ClCompile>
    <ClCompile Include="..\..\..\..\Source\Tests\QuestionProgress_catchtest.cpp">
      <Filter>CatchTests</Filter>
    </ClCompile>
    <ClCompile Include="..\..\..\..\Source\QuestionPicker.cpp">
      <Filter>Source Files</Filter>
    </ClCompile>
    <ClCompile Include="..\..\..\..\Source\QuestionProgress.cpp">
      <Filter>Source Files</Filter>
    </ClCompile>
    <ClCompile Include="..\..\..\..\Source\SceneNodeGui.cpp">
      <Filter>Source Files</Filter>
    </ClCompile>
    <ClCompile Include="..\..\..\..\Source\ParticleFx.cpp">
      <Filter>Source Files</Filter>
    </ClCompile>
    <ClCompile Include="..\..\..\..\Source\UseVertexColourShader.cpp">
      <Filter>Source Files</Filter>
    </ClCompile>
    <ClCompile Include="..\..\..\..\Source\NetRequest.cpp">
      <Filter>Source Files</Filter>
    </ClCompile>
    <ClCompile Include="..\..\..\..\Source\Tests\Localisation_catchtest.cpp">
      <Filter>CatchTests</Filter>
    </ClCompile>
    <ClCompile Include="..\..\..\..\Source\GuiAvatar.cpp">
      <Filter>Source Files</Filter>
    </ClCompile>
    <ClCompile Include="..\..\..\..\Source\ComposerList.cpp">
      <Filter>Source Files</Filter>
    </ClCompile>
    <ClCompile Include="..\..\..\..\Source\GSAvatarMod.cpp">
      <Filter>Source Files</Filter>
    </ClCompile>
    <ClCompile Include="..\..\..\..\Source\Notebook.cpp">
      <Filter>Source Files</Filter>
    </ClCompile>
    <ClCompile Include="..\..\..\..\Source\ColourPicker.cpp">
      <Filter>Source Files</Filter>
    </ClCompile>
    <ClCompile Include="..\..\..\..\Source\GSGuiEdit.cpp">
      <Filter>Source Files</Filter>
    </ClCompile>
    <ClCompile Include="..\..\..\..\Source\DevMenu.cpp">
      <Filter>Source Files</Filter>
    </ClCompile>
    <ClCompile Include="..\..\..\..\Source\GSShowNewLevelNum.cpp">
      <Filter>Source Files</Filter>
    </ClCompile>
    <ClCompile Include="..\..\..\..\Source\GSPagesEdit.cpp">
      <Filter>Source Files</Filter>
    </ClCompile>
  </ItemGroup>
  <ItemGroup>
    <Library Include="..\..\..\..\..\amjulib\3rdPartyLibs\Bass\Bass2.3\Win\bass.lib">
      <Filter>Libs</Filter>
    </Library>
    <Library Include="..\..\..\..\..\amjulib\3rdPartyLibs\Bass\Bass2.3\Win\bassmidi.lib">
      <Filter>Libs</Filter>
    </Library>
    <Library Include="..\..\..\..\..\amjulib\3rdPartyLibs\GLUT\glut32.lib">
      <Filter>Libs</Filter>
    </Library>
    <Library Include="..\..\..\..\Source\ThirdParty\googletest\msvc\gtest\Debug\gtestd.lib">
      <Filter>Libs</Filter>
    </Library>
    <Library Include="..\..\..\..\..\amjulib\3rdPartyLibs\Curl\Win32\lib\libcurl.lib">
      <Filter>Libs</Filter>
    </Library>
  </ItemGroup>
  <ItemGroup>
    <ClInclude Include="..\..\..\..\Source\GSPlayNotes.h">
      <Filter>Header Files</Filter>
    </ClInclude>
    <ClInclude Include="..\..\..\..\Source\GSBase.h">
      <Filter>Header Files</Filter>
    </ClInclude>
    <ClInclude Include="..\..\..\..\Source\GuiMusicScore.h">
      <Filter>Header Files</Filter>
    </ClInclude>
    <ClInclude Include="..\..\..\..\Source\GSShowMusicScore.h">
      <Filter>Header Files</Filter>
    </ClInclude>
    <ClInclude Include="..\..\..\..\Source\GSShowGui.h">
      <Filter>Header Files</Filter>
    </ClInclude>
    <ClInclude Include="..\..\..\..\Source\GSUserDraw.h">
      <Filter>Header Files</Filter>
    </ClInclude>
    <ClInclude Include="..\..\..\..\Source\GuiMusicKb.h">
      <Filter>Header Files</Filter>
    </ClInclude>
    <ClInclude Include="..\..\..\..\Source\Page.h">
      <Filter>Header Files</Filter>
    </ClInclude>
    <ClInclude Include="..\..\..\..\Source\PageDrawOnStave.h">
      <Filter>Header Files</Filter>
    </ClInclude>
    <ClInclude Include="..\..\..\..\Source\PagePlayNotes.h">
      <Filter>Header Files</Filter>
    </ClInclude>
    <ClInclude Include="..\..\..\..\Source\ScoreBuilder.h">
      <Filter>Header Files</Filter>
    </ClInclude>
    <ClInclude Include="..\..\..\..\Source\PlayMidi.h">
      <Filter>Header Files</Filter>
    </ClInclude>
    <ClInclude Include="..\..\..\..\Source\PageMultiChoice.h">
      <Filter>Header Files</Filter>
    </ClInclude>
    <ClInclude Include="..\..\..\..\Source\Question.h">
      <Filter>Header Files</Filter>
    </ClInclude>
    <ClInclude Include="..\..\..\..\Source\GSTestShowScore.h">
      <Filter>Header Files</Filter>
    </ClInclude>
    <ClInclude Include="..\..\..\..\Source\GSPages.h">
      <Filter>Header Files</Filter>
    </ClInclude>
    <ClInclude Include="..\..\..\..\Source\GSUserDrawSave.h">
      <Filter>Header Files</Filter>
    </ClInclude>
    <ClInclude Include="..\..\..\..\Source\GSTitle.h">
      <Filter>Header Files</Filter>
    </ClInclude>
    <ClInclude Include="..\..\..\..\Source\Topic.h">
      <Filter>Header Files</Filter>
    </ClInclude>
    <ClInclude Include="..\..\..\..\Source\UserProfile.h">
      <Filter>Header Files</Filter>
    </ClInclude>
    <ClInclude Include="..\..\..\..\Source\Course.h">
      <Filter>Header Files</Filter>
    </ClInclude>
    <ClInclude Include="..\..\..\..\Source\GSTopicStart.h">
      <Filter>Header Files</Filter>
    </ClInclude>
    <ClInclude Include="..\..\..\..\Source\GSPause.h">
      <Filter>Header Files</Filter>
    </ClInclude>
    <ClInclude Include="..\..\..\..\Source\GSTopicEnd.h">
      <Filter>Header Files</Filter>
    </ClInclude>
    <ClInclude Include="..\..\..\..\Source\MusicalTermQuestion.h">
      <Filter>Header Files</Filter>
    </ClInclude>
    <ClInclude Include="..\..\..\..\Source\MultiChoiceQuestion.h">
      <Filter>Header Files</Filter>
    </ClInclude>
    <ClInclude Include="..\..\..\..\Source\GSAbout.h">
      <Filter>Header Files</Filter>
    </ClInclude>
    <ClInclude Include="..\..\..\..\Source\GSFirstUser.h">
      <Filter>Header Files</Filter>
    </ClInclude>
    <ClInclude Include="..\..\..\..\Source\PageFactory.h">
      <Filter>Header Files</Filter>
    </ClInclude>
    <ClInclude Include="..\..\..\..\Source\MusicEvent.h">
      <Filter>Header Files</Filter>
    </ClInclude>
    <ClInclude Include="..\..\..\..\Source\Dictionary.h">
      <Filter>Header Files</Filter>
    </ClInclude>
    <ClInclude Include="..\..\..\..\Source\Md2SceneNode.h">
      <Filter>Header Files</Filter>
    </ClInclude>
    <ClInclude Include="..\..\..\..\Source\GSBase3d.h">
      <Filter>Header Files</Filter>
    </ClInclude>
    <ClInclude Include="..\..\..\..\Source\PlayWav.h">
      <Filter>Header Files</Filter>
    </ClInclude>
    <ClInclude Include="..\..\..\..\Source\PageQuestion.h">
      <Filter>Header Files</Filter>
    </ClInclude>
    <ClInclude Include="..\..\..\..\Source\DictionaryPickQuestion.h">
      <Filter>Header Files</Filter>
    </ClInclude>
    <ClInclude Include="..\..\..\..\Source\Tappable.h">
      <Filter>Header Files</Filter>
    </ClInclude>
    <ClInclude Include="..\..\..\..\Source\CorridorMode.h">
      <Filter>Header Files</Filter>
    </ClInclude>
    <ClInclude Include="..\..\..\..\Source\CorridorModeWait.h">
      <Filter>Header Files</Filter>
    </ClInclude>
    <ClInclude Include="..\..\..\..\Source\CorridorModeEnterClassroom.h">
      <Filter>Header Files</Filter>
    </ClInclude>
    <ClInclude Include="..\..\..\..\Source\Consts.h">
      <Filter>Header Files</Filter>
    </ClInclude>
    <ClInclude Include="..\..\..\..\Source\CorridorModeShowTappable.h">
      <Filter>Header Files</Filter>
    </ClInclude>
    <ClInclude Include="..\..\..\..\Source\CorridorModeEnterTappable.h">
      <Filter>Header Files</Filter>
    </ClInclude>
    <ClInclude Include="..\..\..\..\Source\CorridorModeExitTappable.h">
      <Filter>Header Files</Filter>
    </ClInclude>
    <ClInclude Include="..\..\..\..\Source\CorridorModeExitClassroom.h">
      <Filter>Header Files</Filter>
    </ClInclude>
    <ClInclude Include="..\..\..\..\Source\CorridorCamController.h">
      <Filter>Header Files</Filter>
    </ClInclude>
    <ClInclude Include="..\..\..\..\Source\GSMainCorridor.h">
      <Filter>Header Files</Filter>
    </ClInclude>
    <ClInclude Include="..\..\..\..\Source\ShareManager.h">
      <Filter>Header Files</Filter>
    </ClInclude>
    <ClInclude Include="..\..\..\..\Source\TappableZoom.h">
      <Filter>Header Files</Filter>
    </ClInclude>
    <ClInclude Include="..\..\..\..\Source\TappableZoomInfoLeaf.h">
      <Filter>Header Files</Filter>
    </ClInclude>
    <ClInclude Include="..\..\..\..\Source\TappableFactory.h">
      <Filter>Header Files</Filter>
    </ClInclude>
    <ClInclude Include="..\..\..\..\Source\TappableHint.h">
      <Filter>Header Files</Filter>
    </ClInclude>
    <ClInclude Include="..\..\..\..\Source\MySceneGraph.h">
      <Filter>Header Files</Filter>
    </ClInclude>
    <ClInclude Include="..\..\..\..\Source\GSCopyAssets.h">
      <Filter>Header Files</Filter>
    </ClInclude>
    <ClInclude Include="..\..\..\..\Source\LurkMsg.h">
      <Filter>Header Files</Filter>
    </ClInclude>
    <ClInclude Include="..\..\..\..\Source\NetSend.h">
      <Filter>Header Files</Filter>
    </ClInclude>
    <ClInclude Include="..\..\..\..\Source\SerialReqManager.h">
      <Filter>Header Files</Filter>
    </ClInclude>
    <ClInclude Include="..\..\..\..\Source\Version.h">
      <Filter>Header Files</Filter>
    </ClInclude>
    <ClInclude Include="..\..\..\..\Source\TutorialIds.h">
      <Filter>Header Files</Filter>
    </ClInclude>
    <ClInclude Include="..\..\..\..\Source\TutorialManager.h">
      <Filter>Header Files</Filter>
    </ClInclude>
    <ClInclude Include="..\..\..\..\Source\CentreMsg.h">
      <Filter>Header Files</Filter>
    </ClInclude>
    <ClInclude Include="..\..\..\..\Source\NumUpdate.h">
      <Filter>Header Files</Filter>
    </ClInclude>
    <ClInclude Include="..\..\..\..\Source\CorridorModeEnterStairs.h">
      <Filter>Header Files</Filter>
    </ClInclude>
    <ClInclude Include="..\..\..\..\Source\CorridorModeExitStairs.h">
      <Filter>Header Files</Filter>
    </ClInclude>
    <ClInclude Include="..\..\..\..\Source\CorridorModeLerpCam.h">
      <Filter>Header Files</Filter>
    </ClInclude>
    <ClInclude Include="..\..\..\..\Source\Gui3dScene.h">
      <Filter>Header Files</Filter>
    </ClInclude>
    <ClInclude Include="..\..\..\..\Source\Tests\CreateDictionary.h">
      <Filter>CatchTests</Filter>
    </ClInclude>
    <ClInclude Include="..\..\..\..\Source\QuestionPicker.h">
      <Filter>Header Files</Filter>
    </ClInclude>
    <ClInclude Include="..\..\..\..\Source\QuestionProgress.h">
      <Filter>Header Files</Filter>
    </ClInclude>
    <ClInclude Include="..\..\..\..\Source\SceneNodeGui.h">
      <Filter>Header Files</Filter>
    </ClInclude>
    <ClInclude Include="..\..\..\..\Source\ParticleFx.h">
      <Filter>Header Files</Filter>
    </ClInclude>
    <ClInclude Include="..\..\..\..\Source\UseVertexColourShader.h">
      <Filter>Header Files</Filter>
    </ClInclude>
    <ClInclude Include="..\..\..\..\Source\NetRequest.h">
      <Filter>Header Files</Filter>
    </ClInclude>
    <ClInclude Include="..\..\..\..\Source\GuiAvatar.h">
      <Filter>Header Files</Filter>
    </ClInclude>
    <ClInclude Include="..\..\..\..\Source\ComposerList.h">
      <Filter>Header Files</Filter>
    </ClInclude>
    <ClInclude Include="..\..\..\..\Source\GSAvatarMod.h">
      <Filter>Header Files</Filter>
    </ClInclude>
    <ClInclude Include="..\..\..\..\Source\Notebook.h">
      <Filter>Header Files</Filter>
    </ClInclude>
    <ClInclude Include="..\..\..\..\Source\ColourPicker.h">
      <Filter>Header Files</Filter>
    </ClInclude>
    <ClInclude Include="..\..\..\..\Source\GSGuiEdit.h">
      <Filter>Header Files</Filter>
    </ClInclude>
    <ClInclude Include="..\..\..\..\Source\DevMenu.h">
      <Filter>Header Files</Filter>
    </ClInclude>
    <ClInclude Include="..\..\..\..\Source\GSShowNewLevelNum.h">
      <Filter>Header Files</Filter>
    </ClInclude>
    <ClInclude Include="..\..\..\..\Source\GSPagesEdit.h">
      <Filter>Header Files</Filter>
    </ClInclude>
  </ItemGroup>
  <ItemGroup>
    <Text Include="..\..\..\..\Assets\Gui\keyboard.txt">
      <Filter>Assets\Gui</Filter>
    </Text>
    <Text Include="..\..\..\..\Assets\Gui\title-text.txt">
      <Filter>Assets\Gui</Filter>
    </Text>
    <Text Include="..\..\..\..\Assets\Gui\stroke-mid-line.txt">
      <Filter>Assets\Gui\Stroke</Filter>
    </Text>
    <Text Include="..\..\..\..\Docs\TODO.txt">
      <Filter>Docs</Filter>
    </Text>
    <Text Include="..\..\..\..\Docs\bugs.txt">
      <Filter>Docs</Filter>
    </Text>
    <Text Include="..\..\..\..\Assets\Shaders\opengl\gui-frag.txt">
      <Filter>Assets\Shaders\opengl</Filter>
    </Text>
    <Text Include="..\..\..\..\Assets\Shaders\opengl\gui-vert.txt">
      <Filter>Assets\Shaders\opengl</Filter>
    </Text>
    <Text Include="..\..\..\..\Assets\Gui\boilerplate.txt">
      <Filter>Assets\Gui</Filter>
    </Text>
    <Text Include="..\..\..\..\Assets\Gui\compound_glyphs.txt">
      <Filter>Assets\Gui</Filter>
    </Text>
    <Text Include="..\..\..\..\Assets\Gui\gs_about.txt">
      <Filter>Assets\Gui\GameStates</Filter>
    </Text>
    <Text Include="..\..\..\..\Assets\Gui\gs_line_drawing.txt">
      <Filter>Assets\Gui\GameStates</Filter>
    </Text>
    <Text Include="..\..\..\..\Assets\Gui\gs_main_menu.txt">
      <Filter>Assets\Gui\GameStates</Filter>
    </Text>
    <Text Include="..\..\..\..\Assets\Gui\gs_main_menu_corridor.txt">
      <Filter>Assets\Gui\GameStates</Filter>
    </Text>
    <Text Include="..\..\..\..\Assets\Gui\gs_play_notes.txt">
      <Filter>Assets\Gui\GameStates</Filter>
    </Text>
    <Text Include="..\..\..\..\Assets\Gui\gs_score.txt">
      <Filter>Assets\Gui\GameStates</Filter>
    </Text>
    <Text Include="..\..\..\..\Assets\Gui\gs_test_show_score.txt">
      <Filter>Assets\Gui\GameStates</Filter>
    </Text>
    <Text Include="..\..\..\..\Assets\Gui\gs_title.txt">
      <Filter>Assets\Gui\GameStates</Filter>
    </Text>
    <Text Include="..\..\..\..\Assets\Gui\gs_topic_end.txt">
      <Filter>Assets\Gui\GameStates</Filter>
    </Text>
    <Text Include="..\..\..\..\Assets\Gui\gs_topic_start.txt">
      <Filter>Assets\Gui\GameStates</Filter>
    </Text>
    <Text Include="..\..\..\..\Assets\Gui\gs_user_draw.txt">
      <Filter>Assets\Gui\GameStates</Filter>
    </Text>
    <Text Include="..\..\..\..\Assets\Gui\gs-first-user.txt">
      <Filter>Assets\Gui\GameStates</Filter>
    </Text>
    <Text Include="..\..\..\..\Assets\Gui\page_symbol_text_4_landscape.txt">
      <Filter>Assets\Gui\PageLayout\Landscape</Filter>
    </Text>
    <Text Include="..\..\..\..\Assets\Gui\mcq_buttons_wide_landscape.txt">
      <Filter>Assets\Gui\PageLayout\Landscape</Filter>
    </Text>
    <Text Include="..\..\..\..\Assets\Gui\gui_top_bar_landscape.txt">
      <Filter>Assets\Gui\PageLayout\Landscape</Filter>
    </Text>
    <Text Include="..\..\..\..\Assets\Gui\gui-top-bar.txt">
      <Filter>Assets\Gui\PageLayout\Portrait</Filter>
    </Text>
    <Text Include="..\..\..\..\Assets\Gui\mcq-buttons-wide.txt">
      <Filter>Assets\Gui\PageLayout\Portrait</Filter>
    </Text>
    <Text Include="..\..\..\..\Assets\Gui\quit-confirm.txt">
      <Filter>Assets\Gui\PageLayout\Portrait</Filter>
    </Text>
    <Text Include="..\..\..\..\Assets\Gui\page_text_text_4_landscape.txt">
      <Filter>Assets\Gui\PageLayout\Landscape</Filter>
    </Text>
    <Text Include="..\..\..\..\Assets\Gui\page_text_text_4.txt">
      <Filter>Assets\Gui\PageLayout\Portrait</Filter>
    </Text>
    <Text Include="..\..\..\..\Assets\Gui\page_symbol_text_4.txt">
      <Filter>Assets\Gui\PageLayout\Portrait</Filter>
    </Text>
    <Text Include="..\..\..\..\Assets\Gui\page_symbol_symbol_4.txt">
      <Filter>Assets\Gui\PageLayout\Portrait</Filter>
    </Text>
    <Text Include="..\..\..\..\Assets\Gui\page_symbol_symbol_4_landscape.txt">
      <Filter>Assets\Gui\PageLayout\Landscape</Filter>
    </Text>
    <Text Include="..\..\..\..\Assets\Gui\mcq-buttons-square-symbol.txt">
      <Filter>Assets\Gui\PageLayout\Portrait</Filter>
    </Text>
    <Text Include="..\..\..\..\Assets\Gui\page_text_symbol_4_landscape.txt">
      <Filter>Assets\Gui\PageLayout\Landscape</Filter>
    </Text>
    <Text Include="..\..\..\..\Assets\Gui\page_text_symbol_4.txt">
      <Filter>Assets\Gui\PageLayout\Portrait</Filter>
    </Text>
    <Text Include="..\..\..\..\Assets\Gui\gs_pages_landscape.txt">
      <Filter>Assets\Gui\PageLayout\Landscape</Filter>
    </Text>
    <Text Include="..\..\..\..\Assets\Gui\gs_pages.txt">
      <Filter>Assets\Gui\PageLayout\Portrait</Filter>
    </Text>
    <Text Include="..\..\..\..\Assets\Gui\music-score-bg.txt">
      <Filter>Assets\Gui\PageLayout\Portrait</Filter>
    </Text>
    <Text Include="..\..\..\..\Assets\Gui\music_score_bg_landscape.txt">
      <Filter>Assets\Gui\PageLayout\Landscape</Filter>
    </Text>
    <Text Include="..\..\..\..\Assets\Gui\text_bg_landscape.txt">
      <Filter>Assets\Gui\PageLayout\Landscape</Filter>
    </Text>
    <Text Include="..\..\..\..\Assets\Gui\question_text_landscape.txt">
      <Filter>Assets\Gui\PageLayout\Landscape</Filter>
    </Text>
    <Text Include="..\..\..\..\Assets\Gui\question_symbol_landscape.txt">
      <Filter>Assets\Gui\PageLayout\Landscape</Filter>
    </Text>
    <Text Include="..\..\..\..\Assets\Gui\stroke-rubout.txt">
      <Filter>Assets\Gui\Stroke</Filter>
    </Text>
    <Text Include="..\..\..\..\Assets\Gui\speech_bubble_landscape.txt">
      <Filter>Assets\Gui\PageLayout\Landscape</Filter>
    </Text>
    <Text Include="..\..\..\..\Assets\Scene\room1-scene.txt">
      <Filter>Assets\Scene</Filter>
    </Text>
    <Text Include="..\..\..\..\Assets\Scene\schoolhouse-scene.txt">
      <Filter>Assets\Scene</Filter>
    </Text>
    <Text Include="..\..\..\..\Assets\Shaders\opengl\rotating-frag.txt">
      <Filter>Assets\Shaders\opengl</Filter>
    </Text>
    <Text Include="..\..\..\..\Assets\Shaders\opengl\rotating-vert.txt">
      <Filter>Assets\Shaders\opengl</Filter>
    </Text>
    <Text Include="..\..\..\..\Assets\Gui\page_symbol_kb_landscape.txt">
      <Filter>Assets\Gui\PageLayout\Landscape</Filter>
    </Text>
    <Text Include="..\..\..\..\Assets\Gui\corridor_mode_wait.txt">
      <Filter>Assets\Gui\CorridorModes</Filter>
    </Text>
    <Text Include="..\..\..\..\Assets\Gui\corridor_mode_show_tappable.txt">
      <Filter>Assets\Gui\CorridorModes</Filter>
    </Text>
    <Text Include="..\..\..\..\Assets\Gui\tap-picture-note-lengths.txt">
      <Filter>Assets\Gui\Tappables</Filter>
    </Text>
    <Text Include="..\..\..\..\Assets\Gui\tap-picture-note-lengths-quavers.txt">
      <Filter>Assets\Gui\Tappables</Filter>
    </Text>
    <Text Include="..\..\..\..\Assets\Gui\hint-display.txt">
      <Filter>Assets\Gui</Filter>
    </Text>
    <Text Include="..\..\..\..\Assets\Gui\keyboard-black.txt">
      <Filter>Assets\Gui</Filter>
    </Text>
    <Text Include="..\..\..\..\Assets\Gui\keyboard-pink.txt">
      <Filter>Assets\Gui</Filter>
    </Text>
    <Text Include="..\..\..\..\Assets\Scene\title-scene.txt">
      <Filter>Assets\Scene</Filter>
    </Text>
    <Text Include="..\..\..\..\Assets\Scene\topic_start_scene.txt">
      <Filter>Assets\Scene</Filter>
    </Text>
    <Text Include="..\..\..\..\Assets\Gui\page_play_notes.txt">
      <Filter>Assets\Gui\PageLayout\Landscape</Filter>
    </Text>
    <Text Include="..\..\..\..\Assets\Gui\page_interval.txt">
      <Filter>Assets\Gui\PageLayout\Landscape</Filter>
    </Text>
    <Text Include="..\..\..\..\Assets\Gui\mcq_buttons_square_symbol_4_landscape.txt">
      <Filter>Assets\Gui\PageLayout\Landscape</Filter>
    </Text>
    <Text Include="..\..\..\..\Assets\Course\expl\ttriad-cmaj-treb.txt">
      <Filter>Assets\Course\expl\tonic-triads</Filter>
    </Text>
    <Text Include="..\..\..\..\Assets\Course\expl\ttriad-dmaj-treb.txt">
      <Filter>Assets\Course\expl\tonic-triads</Filter>
    </Text>
    <Text Include="..\..\..\..\Assets\Course\expl\ttriad-fmaj-treb.txt">
      <Filter>Assets\Course\expl\tonic-triads</Filter>
    </Text>
    <Text Include="..\..\..\..\Assets\Course\expl\ttriad-gmaj-treb.txt">
      <Filter>Assets\Course\expl\tonic-triads</Filter>
    </Text>
    <Text Include="..\..\..\..\Assets\Course\expl\ttriad-cmaj-bass.txt">
      <Filter>Assets\Course\expl\tonic-triads</Filter>
    </Text>
    <Text Include="..\..\..\..\Assets\Course\expl\ttriad-dmaj-bass.txt">
      <Filter>Assets\Course\expl\tonic-triads</Filter>
    </Text>
    <Text Include="..\..\..\..\Assets\Course\expl\ttriad-fmaj-bass.txt">
      <Filter>Assets\Course\expl\tonic-triads</Filter>
    </Text>
    <Text Include="..\..\..\..\Assets\Course\expl\ttriad-gmaj-bass.txt">
      <Filter>Assets\Course\expl\tonic-triads</Filter>
    </Text>
    <Text Include="..\..\..\..\Assets\Gui\blackboard_erase.txt">
      <Filter>Assets\Gui\PageLayout\Landscape</Filter>
    </Text>
    <Text Include="..\..\..\..\Assets\Gui\player-score.txt">
      <Filter>Assets\Gui\PageLayout\Landscape</Filter>
    </Text>
    <Text Include="..\..\..\..\Assets\en.txt">
      <Filter>Assets</Filter>
    </Text>
    <Text Include="..\..\..\..\Assets\Gui\hint-display-no-button.txt">
      <Filter>Assets\Gui</Filter>
    </Text>
    <Text Include="..\..\..\..\Assets\Scene\corridor-one-door-1.txt">
      <Filter>Assets\Scene</Filter>
    </Text>
    <Text Include="..\..\..\..\Assets\Scene\corridor-one-door-2.txt">
      <Filter>Assets\Scene</Filter>
    </Text>
    <Text Include="..\..\..\..\Assets\Scene\corridor-scene-1.txt">
      <Filter>Assets\Scene</Filter>
    </Text>
    <Text Include="..\..\..\..\Assets\Scene\corridor-scene-2.txt">
      <Filter>Assets\Scene</Filter>
    </Text>
    <Text Include="..\..\..\..\Assets\Gui\tappables-1.txt">
      <Filter>Assets\Gui\Tappables</Filter>
    </Text>
    <Text Include="..\..\..\..\Assets\Gui\tappables-2.txt">
      <Filter>Assets\Gui\Tappables</Filter>
    </Text>
    <Text Include="..\..\..\..\Assets\Course\grade-1-level-1.txt">
      <Filter>Assets\Course\Level1</Filter>
    </Text>
    <Text Include="..\..\..\..\Assets\Course\grade-1-level-2.txt">
      <Filter>Assets\Course\Level2</Filter>
    </Text>
    <Text Include="..\..\..\..\Assets\Course\grade-1-level-3.txt">
      <Filter>Assets\Course\Level3</Filter>
    </Text>
    <Text Include="..\..\..\..\Assets\Course\grade-1-level-4.txt">
      <Filter>Assets\Course\Level4</Filter>
    </Text>
    <Text Include="..\..\..\..\Assets\Course\level1\higher_or_lower.txt">
      <Filter>Assets\Course\Level1</Filter>
    </Text>
    <Text Include="..\..\..\..\Assets\Course\level1\intervals.txt">
      <Filter>Assets\Course\Level1</Filter>
    </Text>
    <Text Include="..\..\..\..\Assets\Course\level1\missing_rest.txt">
      <Filter>Assets\Course\Level1</Filter>
    </Text>
    <Text Include="..\..\..\..\Assets\Course\level1\missing_time_sig.txt">
      <Filter>Assets\Course\Level1</Filter>
    </Text>
    <Text Include="..\..\..\..\Assets\Course\level1\musical_symbols.txt">
      <Filter>Assets\Course\Level1</Filter>
    </Text>
    <Text Include="..\..\..\..\Assets\Course\level1\musical_terms.txt">
      <Filter>Assets\Course\Level1</Filter>
    </Text>
    <Text Include="..\..\..\..\Assets\Course\level1\note_lengths.txt">
      <Filter>Assets\Course\Level1</Filter>
    </Text>
    <Text Include="..\..\..\..\Assets\Course\level1\note-equivs.txt">
      <Filter>Assets\Course\Level1</Filter>
    </Text>
    <Text Include="..\..\..\..\Assets\Course\level1\note-rest-names.txt">
      <Filter>Assets\Course\Level1</Filter>
    </Text>
    <Text Include="..\..\..\..\Assets\Course\level1\note-rest-symbols.txt">
      <Filter>Assets\Course\Level1</Filter>
    </Text>
    <Text Include="..\..\..\..\Assets\Course\level1\rest-equivs.txt">
      <Filter>Assets\Course\Level1</Filter>
    </Text>
    <Text Include="..\..\..\..\Assets\Course\level1\time_sigs.txt">
      <Filter>Assets\Course\Level1</Filter>
    </Text>
    <Text Include="..\..\..\..\Assets\Course\level1\whats_the_key_sig.txt">
      <Filter>Assets\Course\Level1</Filter>
    </Text>
    <Text Include="..\..\..\..\Assets\Course\level1\whats_the_scale.txt">
      <Filter>Assets\Course\Level1</Filter>
    </Text>
    <Text Include="..\..\..\..\Assets\Course\level1\whats_the_tonic_triad.txt">
      <Filter>Assets\Course\Level1</Filter>
    </Text>
    <Text Include="..\..\..\..\Assets\Course\level1\which_clef.txt">
      <Filter>Assets\Course\Level1</Filter>
    </Text>
    <Text Include="..\..\..\..\Assets\Course\level2\higher_or_lower.txt">
      <Filter>Assets\Course\Level2</Filter>
    </Text>
    <Text Include="..\..\..\..\Assets\Course\level2\intervals.txt">
      <Filter>Assets\Course\Level2</Filter>
    </Text>
    <Text Include="..\..\..\..\Assets\Course\level2\missing_rest.txt">
      <Filter>Assets\Course\Level2</Filter>
    </Text>
    <Text Include="..\..\..\..\Assets\Course\level2\missing_time_sig.txt">
      <Filter>Assets\Course\Level2</Filter>
    </Text>
    <Text Include="..\..\..\..\Assets\Course\level2\musical_symbols.txt">
      <Filter>Assets\Course\Level2</Filter>
    </Text>
    <Text Include="..\..\..\..\Assets\Course\level2\musical_terms.txt">
      <Filter>Assets\Course\Level2</Filter>
    </Text>
    <Text Include="..\..\..\..\Assets\Course\level2\name_the_note.txt">
      <Filter>Assets\Course\Level2</Filter>
    </Text>
    <Text Include="..\..\..\..\Assets\Course\level2\note_lengths.txt">
      <Filter>Assets\Course\Level2</Filter>
    </Text>
    <Text Include="..\..\..\..\Assets\Course\level2\note-equivs.txt">
      <Filter>Assets\Course\Level2</Filter>
    </Text>
    <Text Include="..\..\..\..\Assets\Course\level2\note-rest-names.txt">
      <Filter>Assets\Course\Level2</Filter>
    </Text>
    <Text Include="..\..\..\..\Assets\Course\level2\note-rest-symbols.txt">
      <Filter>Assets\Course\Level2</Filter>
    </Text>
    <Text Include="..\..\..\..\Assets\Course\level2\notes_on_bass_clef_with_accidentals.txt">
      <Filter>Assets\Course\Level2</Filter>
    </Text>
    <Text Include="..\..\..\..\Assets\Course\level2\notes_on_treble_clef.txt">
      <Filter>Assets\Course\Level2</Filter>
    </Text>
    <Text Include="..\..\..\..\Assets\Course\level2\notes_on_treble_clef_with_accidentals.txt">
      <Filter>Assets\Course\Level2</Filter>
    </Text>
    <Text Include="..\..\..\..\Assets\Course\level2\rest-equivs.txt">
      <Filter>Assets\Course\Level2</Filter>
    </Text>
    <Text Include="..\..\..\..\Assets\Course\level2\time_sigs.txt">
      <Filter>Assets\Course\Level2</Filter>
    </Text>
    <Text Include="..\..\..\..\Assets\Course\level2\whats_the_key_sig.txt">
      <Filter>Assets\Course\Level2</Filter>
    </Text>
    <Text Include="..\..\..\..\Assets\Course\level2\whats_the_scale.txt">
      <Filter>Assets\Course\Level2</Filter>
    </Text>
    <Text Include="..\..\..\..\Assets\Course\level2\whats_the_tonic_triad.txt">
      <Filter>Assets\Course\Level2</Filter>
    </Text>
    <Text Include="..\..\..\..\Assets\Course\level2\which_clef.txt">
      <Filter>Assets\Course\Level2</Filter>
    </Text>
    <Text Include="..\..\..\..\Assets\Course\level3\higher_or_lower.txt">
      <Filter>Assets\Course\Level3</Filter>
    </Text>
    <Text Include="..\..\..\..\Assets\Course\level3\intervals.txt">
      <Filter>Assets\Course\Level3</Filter>
    </Text>
    <Text Include="..\..\..\..\Assets\Course\level3\missing_rest.txt">
      <Filter>Assets\Course\Level3</Filter>
    </Text>
    <Text Include="..\..\..\..\Assets\Course\level3\missing_time_sig.txt">
      <Filter>Assets\Course\Level3</Filter>
    </Text>
    <Text Include="..\..\..\..\Assets\Course\level3\musical_symbols.txt">
      <Filter>Assets\Course\Level3</Filter>
    </Text>
    <Text Include="..\..\..\..\Assets\Course\level3\musical_terms.txt">
      <Filter>Assets\Course\Level3</Filter>
    </Text>
    <Text Include="..\..\..\..\Assets\Course\level3\name_the_note.txt">
      <Filter>Assets\Course\Level3</Filter>
    </Text>
    <Text Include="..\..\..\..\Assets\Course\level3\note_lengths.txt">
      <Filter>Assets\Course\Level3</Filter>
    </Text>
    <Text Include="..\..\..\..\Assets\Course\level3\note-equivs.txt">
      <Filter>Assets\Course\Level3</Filter>
    </Text>
    <Text Include="..\..\..\..\Assets\Course\level3\note-rest-names.txt">
      <Filter>Assets\Course\Level3</Filter>
    </Text>
    <Text Include="..\..\..\..\Assets\Course\level3\note-rest-symbols.txt">
      <Filter>Assets\Course\Level3</Filter>
    </Text>
    <Text Include="..\..\..\..\Assets\Course\level3\notes_on_bass_clef_with_accidentals.txt">
      <Filter>Assets\Course\Level3</Filter>
    </Text>
    <Text Include="..\..\..\..\Assets\Course\level3\notes_on_treble_clef.txt">
      <Filter>Assets\Course\Level3</Filter>
    </Text>
    <Text Include="..\..\..\..\Assets\Course\level3\notes_on_treble_clef_with_accidentals.txt">
      <Filter>Assets\Course\Level3</Filter>
    </Text>
    <Text Include="..\..\..\..\Assets\Course\level3\rest-equivs.txt">
      <Filter>Assets\Course\Level3</Filter>
    </Text>
    <Text Include="..\..\..\..\Assets\Course\level3\time_sigs.txt">
      <Filter>Assets\Course\Level3</Filter>
    </Text>
    <Text Include="..\..\..\..\Assets\Course\level3\whats_the_key_sig.txt">
      <Filter>Assets\Course\Level3</Filter>
    </Text>
    <Text Include="..\..\..\..\Assets\Course\level3\whats_the_scale.txt">
      <Filter>Assets\Course\Level3</Filter>
    </Text>
    <Text Include="..\..\..\..\Assets\Course\level3\whats_the_tonic_triad.txt">
      <Filter>Assets\Course\Level3</Filter>
    </Text>
    <Text Include="..\..\..\..\Assets\Course\level3\which_clef.txt">
      <Filter>Assets\Course\Level3</Filter>
    </Text>
    <Text Include="..\..\..\..\Assets\Course\level4\higher_or_lower.txt">
      <Filter>Assets\Course\Level4</Filter>
    </Text>
    <Text Include="..\..\..\..\Assets\Course\level4\intervals.txt">
      <Filter>Assets\Course\Level4</Filter>
    </Text>
    <Text Include="..\..\..\..\Assets\Course\level4\missing_rest.txt">
      <Filter>Assets\Course\Level4</Filter>
    </Text>
    <Text Include="..\..\..\..\Assets\Course\level4\missing_time_sig.txt">
      <Filter>Assets\Course\Level4</Filter>
    </Text>
    <Text Include="..\..\..\..\Assets\Course\level4\musical_symbols.txt">
      <Filter>Assets\Course\Level4</Filter>
    </Text>
    <Text Include="..\..\..\..\Assets\Course\level4\musical_terms.txt">
      <Filter>Assets\Course\Level4</Filter>
    </Text>
    <Text Include="..\..\..\..\Assets\Course\level4\name_the_note.txt">
      <Filter>Assets\Course\Level4</Filter>
    </Text>
    <Text Include="..\..\..\..\Assets\Course\level4\note_lengths.txt">
      <Filter>Assets\Course\Level4</Filter>
    </Text>
    <Text Include="..\..\..\..\Assets\Course\level4\note-equivs.txt">
      <Filter>Assets\Course\Level4</Filter>
    </Text>
    <Text Include="..\..\..\..\Assets\Course\level4\note-rest-names.txt">
      <Filter>Assets\Course\Level4</Filter>
    </Text>
    <Text Include="..\..\..\..\Assets\Course\level4\note-rest-symbols.txt">
      <Filter>Assets\Course\Level4</Filter>
    </Text>
    <Text Include="..\..\..\..\Assets\Course\level4\notes_on_bass_clef_with_accidentals.txt">
      <Filter>Assets\Course\Level4</Filter>
    </Text>
    <Text Include="..\..\..\..\Assets\Course\level4\notes_on_treble_clef.txt">
      <Filter>Assets\Course\Level4</Filter>
    </Text>
    <Text Include="..\..\..\..\Assets\Course\level4\notes_on_treble_clef_with_accidentals.txt">
      <Filter>Assets\Course\Level4</Filter>
    </Text>
    <Text Include="..\..\..\..\Assets\Course\level4\rest-equivs.txt">
      <Filter>Assets\Course\Level4</Filter>
    </Text>
    <Text Include="..\..\..\..\Assets\Course\level4\time_sigs.txt">
      <Filter>Assets\Course\Level4</Filter>
    </Text>
    <Text Include="..\..\..\..\Assets\Course\level4\whats_the_key_sig.txt">
      <Filter>Assets\Course\Level4</Filter>
    </Text>
    <Text Include="..\..\..\..\Assets\Course\level4\whats_the_scale.txt">
      <Filter>Assets\Course\Level4</Filter>
    </Text>
    <Text Include="..\..\..\..\Assets\Course\level4\whats_the_tonic_triad.txt">
      <Filter>Assets\Course\Level4</Filter>
    </Text>
    <Text Include="..\..\..\..\Assets\Course\level4\which_clef.txt">
      <Filter>Assets\Course\Level4</Filter>
    </Text>
    <Text Include="..\..\..\..\Assets\Gui\tap-picture-treb-clef.txt">
      <Filter>Assets\Gui\Tappables</Filter>
    </Text>
    <Text Include="..\..\..\..\Assets\Gui\keyboard-pink-with-treb-clef-1.txt">
      <Filter>Assets\Gui\Tappables</Filter>
    </Text>
    <Text Include="..\..\..\..\Assets\Gui\tap-pic-notes-on-treb-clef-1.txt">
      <Filter>Assets\Gui\Tappables</Filter>
    </Text>
    <Text Include="..\..\..\..\Assets\Course\level1\name-the-note-treb-clef.txt">
      <Filter>Assets\Course\Level1</Filter>
    </Text>
    <Text Include="..\..\..\..\Assets\Course\level1\name-the-note-bass-clef.txt">
      <Filter>Assets\Course\Level1</Filter>
    </Text>
    <Text Include="..\..\..\..\Assets\Course\level1\notes-on-treble-clef.txt">
      <Filter>Assets\Course\Level1</Filter>
    </Text>
    <Text Include="..\..\..\..\Assets\Gui\tap-picture-semibreve.txt">
      <Filter>Assets\Gui\Tappables</Filter>
    </Text>
    <Text Include="..\..\..\..\Assets\Gui\hearts.txt">
      <Filter>Assets\Gui\PageLayout\Landscape</Filter>
    </Text>
    <Text Include="..\..\..\..\Assets\Gui\corridor-shadow.txt">
      <Filter>Assets\Scene</Filter>
    </Text>
    <Text Include="..\..\..\..\Assets\Gui\certificate.txt">
      <Filter>Assets\Gui</Filter>
    </Text>
    <Text Include="..\..\..\..\Assets\Gui\static-certificate.txt">
      <Filter>Assets\Gui</Filter>
    </Text>
    <Text Include="..\..\..\..\Assets\Gui\composers.txt">
      <Filter>Assets\Gui</Filter>
    </Text>
    <Text Include="..\..\..\..\Assets\Gui\tutorial.txt">
      <Filter>Assets\Gui</Filter>
    </Text>
    <Text Include="..\..\..\..\Assets\Gui\modal-grey-out.txt">
      <Filter>Assets\Gui</Filter>
    </Text>
    <Text Include="..\..\..\..\Assets\Gui\modal-buttons.txt">
      <Filter>Assets\Gui</Filter>
    </Text>
    <Text Include="..\..\..\..\Assets\Gui\avatar-mod-bg-and-tabs.txt">
      <Filter>Assets\Gui\AvatarMod</Filter>
    </Text>
    <Text Include="..\..\..\..\Assets\Gui\colour-picker.txt">
      <Filter>Assets\Gui\AvatarMod</Filter>
    </Text>
    <Text Include="..\..\..\..\Assets\Gui\avatar-mod-head.txt">
      <Filter>Assets\Gui\AvatarMod</Filter>
    </Text>
    <Text Include="..\..\..\..\Assets\Gui\direction-control.txt">
      <Filter>Assets\Gui\AvatarMod</Filter>
    </Text>
    <Text Include="..\..\..\..\Assets\Gui\gs-avatar-mod.txt">
      <Filter>Assets\Gui\AvatarMod</Filter>
    </Text>
    <Text Include="..\..\..\..\Assets\Gui\avatar.txt">
      <Filter>Assets\Gui\AvatarMod</Filter>
    </Text>
    <Text Include="..\..\..\..\Assets\Gui\avatar-eye-simple.txt">
      <Filter>Assets\Gui\AvatarMod</Filter>
    </Text>
    <Text Include="..\..\..\..\Assets\Gui\avatar-mod-body.txt">
      <Filter>Assets\Gui\AvatarMod</Filter>
    </Text>
    <Text Include="..\..\..\..\Assets\Gui\avatar-mod-eye.txt">
      <Filter>Assets\Gui\AvatarMod</Filter>
    </Text>
    <Text Include="..\..\..\..\Assets\Gui\avatar-mod-eyebrow.txt">
      <Filter>Assets\Gui\AvatarMod</Filter>
    </Text>
    <Text Include="..\..\..\..\Assets\Gui\avatar-mod-hair.txt">
      <Filter>Assets\Gui\AvatarMod</Filter>
    </Text>
    <Text Include="..\..\..\..\Assets\Gui\avatar-mod-lower-lid.txt">
      <Filter>Assets\Gui\AvatarMod</Filter>
    </Text>
    <Text Include="..\..\..\..\Assets\Gui\avatar-mod-upper-lid.txt">
      <Filter>Assets\Gui\AvatarMod</Filter>
    </Text>
    <Text Include="..\..\..\..\Assets\Gui\cell-control.txt">
      <Filter>Assets\Gui\AvatarMod</Filter>
    </Text>
    <Text Include="..\..\..\..\Assets\Gui\scale-control.txt">
      <Filter>Assets\Gui\AvatarMod</Filter>
    </Text>
    <Text Include="..\..\..\..\Assets\Gui\avatar-mod-glasses.txt">
      <Filter>Assets\Gui\AvatarMod</Filter>
    </Text>
    <Text Include="..\..\..\..\Assets\Gui\avatar-mod-nose.txt">
      <Filter>Assets\Gui\AvatarMod</Filter>
    </Text>
    <Text Include="..\..\..\..\Assets\Gui\avatar-mod-mouth.txt">
      <Filter>Assets\Gui\AvatarMod</Filter>
    </Text>
  </ItemGroup>
</Project>