<?xml version="1.0" encoding="utf-8"?>
<Project ToolsVersion="4.0" xmlns="http://schemas.microsoft.com/developer/msbuild/2003">
  <ItemGroup>
    <Filter Include="Source Files">
      <UniqueIdentifier>{4FC737F1-C7A5-4376-A066-2A32D752A2FF}</UniqueIdentifier>
      <Extensions>cpp;c;cc;cxx;def;odl;idl;hpj;bat;asm;asmx</Extensions>
    </Filter>
    <Filter Include="Header Files">
      <UniqueIdentifier>{93995380-89BD-4b04-88EB-625FBE52EBFB}</UniqueIdentifier>
      <Extensions>h;hh;hpp;hxx;hm;inl;inc;xsd</Extensions>
    </Filter>
    <Filter Include="Resource Files">
      <UniqueIdentifier>{67DA6AB6-F800-4c08-8B7A-83BB121AAD01}</UniqueIdentifier>
      <Extensions>rc;ico;cur;bmp;dlg;rc2;rct;bin;rgs;gif;jpg;jpeg;jpe;resx;tiff;tif;png;wav;mfcribbon-ms</Extensions>
    </Filter>
    <Filter Include="Libs">
      <UniqueIdentifier>{9f54667e-733b-4866-a04d-9d5f4f3d57eb}</UniqueIdentifier>
    </Filter>
    <Filter Include="Assets">
      <UniqueIdentifier>{a70f4905-5465-4dd6-aafb-ec9a060d5786}</UniqueIdentifier>
    </Filter>
    <Filter Include="Assets\Gui">
      <UniqueIdentifier>{e4acba82-f939-4a6b-b369-4ad0b58c684f}</UniqueIdentifier>
    </Filter>
    <Filter Include="CatchTests">
      <UniqueIdentifier>{5264d4d1-c136-425a-b529-f3ac408c2367}</UniqueIdentifier>
    </Filter>
    <Filter Include="Assets\Gui\Stroke">
      <UniqueIdentifier>{84a3835c-428f-4394-8591-b2957993e95c}</UniqueIdentifier>
    </Filter>
    <Filter Include="Assets\Course">
      <UniqueIdentifier>{1852cf61-39d7-446d-ad98-d2ea2fd0ea31}</UniqueIdentifier>
    </Filter>
    <Filter Include="Docs">
      <UniqueIdentifier>{389502a0-4ed0-4cea-a477-3e3400506ecb}</UniqueIdentifier>
    </Filter>
    <Filter Include="Assets\Shaders">
      <UniqueIdentifier>{13e147ae-fa40-4ad6-bc88-c5260cbab2c7}</UniqueIdentifier>
    </Filter>
    <Filter Include="Assets\Shaders\opengl">
      <UniqueIdentifier>{5f6a7a55-3c78-47d9-b0ef-5911e95f9135}</UniqueIdentifier>
    </Filter>
    <Filter Include="Assets\Course\Note lengths">
      <UniqueIdentifier>{d9b8024f-5bf7-421a-b277-15e8356bd20e}</UniqueIdentifier>
    </Filter>
    <Filter Include="Assets\Gui\GameStates">
      <UniqueIdentifier>{ffcfdbd7-f559-4dcd-a6d2-b5b1ac252b41}</UniqueIdentifier>
    </Filter>
    <Filter Include="Assets\Gui\PageLayout">
      <UniqueIdentifier>{9555aefb-1d27-4eb5-a7aa-227dc67ec9aa}</UniqueIdentifier>
    </Filter>
    <Filter Include="Assets\Gui\PageLayout\Landscape">
      <UniqueIdentifier>{60d5d345-6ce1-4901-af62-c3648d31bfa6}</UniqueIdentifier>
    </Filter>
    <Filter Include="Assets\Gui\PageLayout\Portrait">
      <UniqueIdentifier>{0f18077a-5e86-483b-89a9-501c6f5ee205}</UniqueIdentifier>
    </Filter>
    <Filter Include="Assets\Scene">
      <UniqueIdentifier>{6a4d1c27-e555-42fe-a8ef-d86e7c96b50b}</UniqueIdentifier>
    </Filter>
    <Filter Include="Assets\Gui\Tappables">
      <UniqueIdentifier>{8dc2b9af-840b-409a-bf8f-cf3466b0f258}</UniqueIdentifier>
    </Filter>
    <Filter Include="Assets\Gui\CorridorModes">
      <UniqueIdentifier>{06975070-ae9d-4e45-8be1-65b1289afc63}</UniqueIdentifier>
    </Filter>
  </ItemGroup>
  <ItemGroup>
    <ClCompile Include="..\..\..\..\Source\GSPlayNotes.cpp">
      <Filter>Source Files</Filter>
    </ClCompile>
    <ClCompile Include="..\..\..\..\Source\GSBase.cpp">
      <Filter>Source Files</Filter>
    </ClCompile>
    <ClCompile Include="..\..\..\..\Source\GuiMusicScore.cpp">
      <Filter>Source Files</Filter>
    </ClCompile>
    <ClCompile Include="..\..\..\..\Source\GSShowMusicScore.cpp">
      <Filter>Source Files</Filter>
    </ClCompile>
    <ClCompile Include="..\..\..\..\Source\GuiLineDrawing.cpp">
      <Filter>Source Files</Filter>
    </ClCompile>
    <ClCompile Include="..\..\..\..\Source\GSShowLineDrawing.cpp">
      <Filter>Source Files</Filter>
    </ClCompile>
    <ClCompile Include="..\..\..\..\Source\GSUserDraw.cpp">
      <Filter>Source Files</Filter>
    </ClCompile>
    <ClCompile Include="..\..\..\..\Source\GuiMusicKb.cpp">
      <Filter>Source Files</Filter>
    </ClCompile>
    <ClCompile Include="..\..\..\..\Source\Page.cpp">
      <Filter>Source Files</Filter>
    </ClCompile>
    <ClCompile Include="..\..\..\..\Source\ScoreBuilder.cpp">
      <Filter>Source Files</Filter>
    </ClCompile>
    <ClCompile Include="..\..\..\..\Source\Startup.cpp">
      <Filter>Source Files</Filter>
    </ClCompile>
    <ClCompile Include="..\..\..\..\Source\BassPlayMidi.cpp">
      <Filter>Source Files</Filter>
    </ClCompile>
    <ClCompile Include="..\..\..\..\Source\Question.cpp">
      <Filter>Source Files</Filter>
    </ClCompile>
    <ClCompile Include="..\..\..\..\Source\GSTestShowScore.cpp">
      <Filter>Source Files</Filter>
    </ClCompile>
    <ClCompile Include="..\..\..\..\Source\Tests\Question_catchtest.cpp">
      <Filter>CatchTests</Filter>
    </ClCompile>
    <ClCompile Include="..\..\..\..\Source\Tests\CatchTestMain.cpp">
      <Filter>CatchTests</Filter>
    </ClCompile>
    <ClCompile Include="..\..\..\..\Source\GSPages.cpp">
      <Filter>Source Files</Filter>
    </ClCompile>
    <ClCompile Include="..\..\..\..\Source\GSUserDrawSave.cpp">
      <Filter>Source Files</Filter>
    </ClCompile>
    <ClCompile Include="..\..\..\..\Source\GSTitle.cpp">
      <Filter>Source Files</Filter>
    </ClCompile>
    <ClCompile Include="..\..\..\..\Source\Topic.cpp">
      <Filter>Source Files</Filter>
    </ClCompile>
    <ClCompile Include="..\..\..\..\Source\UserProfile.cpp">
      <Filter>Source Files</Filter>
    </ClCompile>
    <ClCompile Include="..\..\..\..\Source\Tests\Topic_catchtest.cpp">
      <Filter>CatchTests</Filter>
    </ClCompile>
    <ClCompile Include="..\..\..\..\Source\Tests\UserProfile_catchtest.cpp">
      <Filter>CatchTests</Filter>
    </ClCompile>
    <ClCompile Include="..\..\..\..\Source\Tests\Course_catchtest.cpp">
      <Filter>CatchTests</Filter>
    </ClCompile>
    <ClCompile Include="..\..\..\..\Source\Course.cpp">
      <Filter>Source Files</Filter>
    </ClCompile>
    <ClCompile Include="..\..\..\..\Source\GSTopicStart.cpp">
      <Filter>Source Files</Filter>
    </ClCompile>
    <ClCompile Include="..\..\..\..\Source\GSPause.cpp">
      <Filter>Source Files</Filter>
    </ClCompile>
    <ClCompile Include="..\..\..\..\Source\GSTopicEnd.cpp">
      <Filter>Source Files</Filter>
    </ClCompile>
    <ClCompile Include="..\..\..\..\Source\MultiChoiceQuestion.cpp">
      <Filter>Source Files</Filter>
    </ClCompile>
    <ClCompile Include="..\..\..\..\Source\MusicalTermQuestion.cpp">
      <Filter>Source Files</Filter>
    </ClCompile>
    <ClCompile Include="..\..\..\..\Source\GSAbout.cpp">
      <Filter>Source Files</Filter>
    </ClCompile>
    <ClCompile Include="..\..\..\..\Source\GSFirstUser.cpp">
      <Filter>Source Files</Filter>
    </ClCompile>
    <ClCompile Include="..\..\..\..\Source\PageFactory.cpp">
      <Filter>Source Files</Filter>
    </ClCompile>
    <ClCompile Include="..\..\..\..\Source\PagePlayNotes.cpp">
      <Filter>Source Files</Filter>
    </ClCompile>
    <ClCompile Include="..\..\..\..\Source\MusicEvent.cpp">
      <Filter>Source Files</Filter>
    </ClCompile>
    <ClCompile Include="..\..\..\..\Source\PageMultiChoice.cpp">
      <Filter>Source Files</Filter>
    </ClCompile>
    <ClCompile Include="..\..\..\..\Source\Dictionary.cpp">
      <Filter>Source Files</Filter>
    </ClCompile>
    <ClCompile Include="..\..\..\..\Source\PrintGui.cpp">
      <Filter>Source Files</Filter>
    </ClCompile>
    <ClCompile Include="..\..\..\..\Source\Md2SceneNode.cpp">
      <Filter>Source Files</Filter>
    </ClCompile>
    <ClCompile Include="..\..\..\..\Source\GSBase3d.cpp">
      <Filter>Source Files</Filter>
    </ClCompile>
    <ClCompile Include="..\..\..\..\Source\Hints.cpp">
      <Filter>Source Files</Filter>
    </ClCompile>
    <ClCompile Include="..\..\..\..\Source\PlayWav.cpp">
      <Filter>Source Files</Filter>
    </ClCompile>
    <ClCompile Include="..\..\..\..\Source\PageQuestion.cpp">
      <Filter>Source Files</Filter>
    </ClCompile>
    <ClCompile Include="..\..\..\..\Source\DictionaryPickQuestion.cpp">
      <Filter>Source Files</Filter>
    </ClCompile>
    <ClCompile Include="..\..\..\..\Source\Tappable.cpp">
      <Filter>Source Files</Filter>
    </ClCompile>
    <ClCompile Include="..\..\..\..\Source\CorridorMode.cpp">
      <Filter>Source Files</Filter>
    </ClCompile>
    <ClCompile Include="..\..\..\..\Source\CorridorModeWait.cpp">
      <Filter>Source Files</Filter>
    </ClCompile>
    <ClCompile Include="..\..\..\..\Source\CorridorModeEnterClassroom.cpp">
      <Filter>Source Files</Filter>
    </ClCompile>
    <ClCompile Include="..\..\..\..\Source\CorridorModeShowTappable.cpp">
      <Filter>Source Files</Filter>
    </ClCompile>
    <ClCompile Include="..\..\..\..\Source\CorridorModeEnterTappable.cpp">
      <Filter>Source Files</Filter>
    </ClCompile>
    <ClCompile Include="..\..\..\..\Source\CorridorModeExitTappable.cpp">
      <Filter>Source Files</Filter>
    </ClCompile>
    <ClCompile Include="..\..\..\..\Source\CorridorModeExitClassroom.cpp">
      <Filter>Source Files</Filter>
    </ClCompile>
    <ClCompile Include="..\..\..\..\Source\CorridorCamController.cpp">
      <Filter>Source Files</Filter>
    </ClCompile>
    <ClCompile Include="..\..\..\..\Source\GSMainCorridor.cpp">
      <Filter>Source Files</Filter>
    </ClCompile>
    <ClCompile Include="..\..\..\..\Source\ShareManager.cpp">
      <Filter>Source Files</Filter>
    </ClCompile>
    <ClCompile Include="..\..\..\..\Source\TappableFactory.cpp">
      <Filter>Source Files</Filter>
    </ClCompile>
    <ClCompile Include="..\..\..\..\Source\TappableHint.cpp">
      <Filter>Source Files</Filter>
    </ClCompile>
    <ClCompile Include="..\..\..\..\Source\MySceneGraph.cpp">
      <Filter>Source Files</Filter>
    </ClCompile>
  </ItemGroup>
  <ItemGroup>
    <Library Include="..\..\..\..\..\amjulib\3rdPartyLibs\Bass\Bass2.3\Win\bass.lib">
      <Filter>Libs</Filter>
    </Library>
    <Library Include="..\..\..\..\..\amjulib\3rdPartyLibs\Bass\Bass2.3\Win\bassmidi.lib">
      <Filter>Libs</Filter>
    </Library>
    <Library Include="..\..\..\..\..\amjulib\3rdPartyLibs\GLUT\glut32.lib">
      <Filter>Libs</Filter>
    </Library>
    <Library Include="..\..\..\..\Source\ThirdParty\googletest\msvc\gtest\Debug\gtestd.lib">
      <Filter>Libs</Filter>
    </Library>
  </ItemGroup>
  <ItemGroup>
    <ClInclude Include="..\..\..\..\Source\GSPlayNotes.h">
      <Filter>Header Files</Filter>
    </ClInclude>
    <ClInclude Include="..\..\..\..\Source\GSBase.h">
      <Filter>Header Files</Filter>
    </ClInclude>
    <ClInclude Include="..\..\..\..\Source\GuiMusicScore.h">
      <Filter>Header Files</Filter>
    </ClInclude>
    <ClInclude Include="..\..\..\..\Source\GSShowMusicScore.h">
      <Filter>Header Files</Filter>
    </ClInclude>
    <ClInclude Include="..\..\..\..\Source\GuiLineDrawing.h">
      <Filter>Header Files</Filter>
    </ClInclude>
    <ClInclude Include="..\..\..\..\Source\GSShowLineDrawing.h">
      <Filter>Header Files</Filter>
    </ClInclude>
    <ClInclude Include="..\..\..\..\Source\GSUserDraw.h">
      <Filter>Header Files</Filter>
    </ClInclude>
    <ClInclude Include="..\..\..\..\Source\GuiMusicKb.h">
      <Filter>Header Files</Filter>
    </ClInclude>
    <ClInclude Include="..\..\..\..\Source\Page.h">
      <Filter>Header Files</Filter>
    </ClInclude>
    <ClInclude Include="..\..\..\..\Source\PageDrawOnStave.h">
      <Filter>Header Files</Filter>
    </ClInclude>
    <ClInclude Include="..\..\..\..\Source\PagePlayNotes.h">
      <Filter>Header Files</Filter>
    </ClInclude>
    <ClInclude Include="..\..\..\..\Source\ScoreBuilder.h">
      <Filter>Header Files</Filter>
    </ClInclude>
    <ClInclude Include="..\..\..\..\Source\PlayMidi.h">
      <Filter>Header Files</Filter>
    </ClInclude>
    <ClInclude Include="..\..\..\..\Source\PageMultiChoice.h">
      <Filter>Header Files</Filter>
    </ClInclude>
    <ClInclude Include="..\..\..\..\Source\Question.h">
      <Filter>Header Files</Filter>
    </ClInclude>
    <ClInclude Include="..\..\..\..\Source\GSTestShowScore.h">
      <Filter>Header Files</Filter>
    </ClInclude>
    <ClInclude Include="..\..\..\..\Source\GSPages.h">
      <Filter>Header Files</Filter>
    </ClInclude>
    <ClInclude Include="..\..\..\..\Source\GSUserDrawSave.h">
      <Filter>Header Files</Filter>
    </ClInclude>
    <ClInclude Include="..\..\..\..\Source\GSTitle.h">
      <Filter>Header Files</Filter>
    </ClInclude>
    <ClInclude Include="..\..\..\..\Source\Topic.h">
      <Filter>Header Files</Filter>
    </ClInclude>
    <ClInclude Include="..\..\..\..\Source\UserProfile.h">
      <Filter>Header Files</Filter>
    </ClInclude>
    <ClInclude Include="..\..\..\..\Source\Course.h">
      <Filter>Header Files</Filter>
    </ClInclude>
    <ClInclude Include="..\..\..\..\Source\GSTopicStart.h">
      <Filter>Header Files</Filter>
    </ClInclude>
    <ClInclude Include="..\..\..\..\Source\GSPause.h">
      <Filter>Header Files</Filter>
    </ClInclude>
    <ClInclude Include="..\..\..\..\Source\GSTopicEnd.h">
      <Filter>Header Files</Filter>
    </ClInclude>
    <ClInclude Include="..\..\..\..\Source\MusicalTermQuestion.h">
      <Filter>Header Files</Filter>
    </ClInclude>
    <ClInclude Include="..\..\..\..\Source\MultiChoiceQuestion.h">
      <Filter>Header Files</Filter>
    </ClInclude>
    <ClInclude Include="..\..\..\..\Source\GSAbout.h">
      <Filter>Header Files</Filter>
    </ClInclude>
    <ClInclude Include="..\..\..\..\Source\GSFirstUser.h">
      <Filter>Header Files</Filter>
    </ClInclude>
    <ClInclude Include="..\..\..\..\Source\PageFactory.h">
      <Filter>Header Files</Filter>
    </ClInclude>
    <ClInclude Include="..\..\..\..\Source\MusicEvent.h">
      <Filter>Header Files</Filter>
    </ClInclude>
    <ClInclude Include="..\..\..\..\Source\Dictionary.h">
      <Filter>Header Files</Filter>
    </ClInclude>
    <ClInclude Include="..\..\..\..\Source\Md2SceneNode.h">
      <Filter>Header Files</Filter>
    </ClInclude>
    <ClInclude Include="..\..\..\..\Source\GSBase3d.h">
      <Filter>Header Files</Filter>
    </ClInclude>
    <ClInclude Include="..\..\..\..\Source\Hints.h">
      <Filter>Header Files</Filter>
    </ClInclude>
    <ClInclude Include="..\..\..\..\Source\PlayWav.h">
      <Filter>Header Files</Filter>
    </ClInclude>
    <ClInclude Include="..\..\..\..\Source\PageQuestion.h">
      <Filter>Header Files</Filter>
    </ClInclude>
    <ClInclude Include="..\..\..\..\Source\DictionaryPickQuestion.h">
      <Filter>Header Files</Filter>
    </ClInclude>
    <ClInclude Include="..\..\..\..\Source\Tappable.h">
      <Filter>Header Files</Filter>
    </ClInclude>
    <ClInclude Include="..\..\..\..\Source\CorridorMode.h">
      <Filter>Header Files</Filter>
    </ClInclude>
    <ClInclude Include="..\..\..\..\Source\CorridorModeWait.h">
      <Filter>Header Files</Filter>
    </ClInclude>
    <ClInclude Include="..\..\..\..\Source\CorridorModeEnterClassroom.h">
      <Filter>Header Files</Filter>
    </ClInclude>
    <ClInclude Include="..\..\..\..\Source\Consts.h">
      <Filter>Header Files</Filter>
    </ClInclude>
    <ClInclude Include="..\..\..\..\Source\CorridorModeShowTappable.h">
      <Filter>Header Files</Filter>
    </ClInclude>
    <ClInclude Include="..\..\..\..\Source\CorridorModeEnterTappable.h">
      <Filter>Header Files</Filter>
    </ClInclude>
    <ClInclude Include="..\..\..\..\Source\CorridorModeExitTappable.h">
      <Filter>Header Files</Filter>
    </ClInclude>
    <ClInclude Include="..\..\..\..\Source\CorridorModeExitClassroom.h">
      <Filter>Header Files</Filter>
    </ClInclude>
    <ClInclude Include="..\..\..\..\Source\CorridorCamController.h">
      <Filter>Header Files</Filter>
    </ClInclude>
    <ClInclude Include="..\..\..\..\Source\GSMainCorridor.h">
      <Filter>Header Files</Filter>
    </ClInclude>
    <ClInclude Include="..\..\..\..\Source\ShareManager.h">
      <Filter>Header Files</Filter>
    </ClInclude>
    <ClInclude Include="..\..\..\..\Source\TappableZoom.h">
      <Filter>Header Files</Filter>
    </ClInclude>
    <ClInclude Include="..\..\..\..\Source\TappableZoomInfoLeaf.h">
      <Filter>Header Files</Filter>
    </ClInclude>
    <ClInclude Include="..\..\..\..\Source\TappableFactory.h">
      <Filter>Header Files</Filter>
    </ClInclude>
    <ClInclude Include="..\..\..\..\Source\TappableHint.h">
      <Filter>Header Files</Filter>
    </ClInclude>
    <ClInclude Include="..\..\..\..\Source\MySceneGraph.h">
      <Filter>Header Files</Filter>
    </ClInclude>
  </ItemGroup>
  <ItemGroup>
    <Text Include="..\..\..\..\Assets\Gui\keyboard.txt">
      <Filter>Assets\Gui</Filter>
    </Text>
    <Text Include="..\..\..\..\Assets\Gui\stroke-cross-1.txt">
      <Filter>Assets\Gui\Stroke</Filter>
    </Text>
    <Text Include="..\..\..\..\Assets\Gui\stroke-cross-2.txt">
      <Filter>Assets\Gui\Stroke</Filter>
    </Text>
    <Text Include="..\..\..\..\Assets\Gui\stroke-spiral-1.txt">
      <Filter>Assets\Gui\Stroke</Filter>
    </Text>
    <Text Include="..\..\..\..\Assets\Gui\stroke-test-1.txt">
      <Filter>Assets\Gui\Stroke</Filter>
    </Text>
    <Text Include="..\..\..\..\Assets\Gui\stroke-test-2.txt">
      <Filter>Assets\Gui\Stroke</Filter>
    </Text>
    <Text Include="..\..\..\..\Assets\Gui\stroke-tick-1.txt">
      <Filter>Assets\Gui\Stroke</Filter>
    </Text>
    <Text Include="..\..\..\..\Assets\Gui\title-text.txt">
      <Filter>Assets\Gui</Filter>
    </Text>
    <Text Include="..\..\..\..\Assets\Course\grade1.txt">
      <Filter>Assets\Course</Filter>
    </Text>
    <Text Include="..\..\..\..\Assets\Course\musical_terms.txt">
      <Filter>Assets\Course</Filter>
    </Text>
    <Text Include="..\..\..\..\Assets\Gui\stroke-mid-line.txt">
      <Filter>Assets\Gui\Stroke</Filter>
    </Text>
    <Text Include="..\..\..\..\Assets\Gui\pie.txt">
      <Filter>Assets\Gui</Filter>
    </Text>
    <Text Include="..\..\..\..\Assets\Gui\stroke-main-menu-1.txt">
      <Filter>Assets\Gui\Stroke</Filter>
    </Text>
    <Text Include="..\..\..\..\Assets\Course\intervals.txt">
      <Filter>Assets\Course</Filter>
    </Text>
    <Text Include="..\..\..\..\Assets\Course\musical_symbols.txt">
      <Filter>Assets\Course</Filter>
    </Text>
    <Text Include="..\..\..\..\Docs\TODO.txt">
      <Filter>Docs</Filter>
    </Text>
    <Text Include="..\..\..\..\Docs\bugs.txt">
      <Filter>Docs</Filter>
    </Text>
    <Text Include="..\..\..\..\Assets\Shaders\opengl\gui-frag.txt">
      <Filter>Assets\Shaders\opengl</Filter>
    </Text>
    <Text Include="..\..\..\..\Assets\Shaders\opengl\gui-vert.txt">
      <Filter>Assets\Shaders\opengl</Filter>
    </Text>
    <Text Include="..\..\..\..\Assets\Gui\stroke-branch.txt">
      <Filter>Assets\Gui\Stroke</Filter>
    </Text>
    <Text Include="..\..\..\..\Assets\Course\note_lengths.txt">
      <Filter>Assets\Course\Note lengths</Filter>
    </Text>
    <Text Include="..\..\..\..\Assets\Gui\boilerplate.txt">
      <Filter>Assets\Gui</Filter>
    </Text>
    <Text Include="..\..\..\..\Assets\Gui\compound_glyphs.txt">
      <Filter>Assets\Gui</Filter>
    </Text>
    <Text Include="..\..\..\..\Assets\Gui\gs_about.txt">
      <Filter>Assets\Gui\GameStates</Filter>
    </Text>
    <Text Include="..\..\..\..\Assets\Gui\gs_line_drawing.txt">
      <Filter>Assets\Gui\GameStates</Filter>
    </Text>
    <Text Include="..\..\..\..\Assets\Gui\gs_main_menu.txt">
      <Filter>Assets\Gui\GameStates</Filter>
    </Text>
    <Text Include="..\..\..\..\Assets\Gui\gs_main_menu_corridor.txt">
      <Filter>Assets\Gui\GameStates</Filter>
    </Text>
    <Text Include="..\..\..\..\Assets\Gui\gs_play_notes.txt">
      <Filter>Assets\Gui\GameStates</Filter>
    </Text>
    <Text Include="..\..\..\..\Assets\Gui\gs_score.txt">
      <Filter>Assets\Gui\GameStates</Filter>
    </Text>
    <Text Include="..\..\..\..\Assets\Gui\gs_test_show_score.txt">
      <Filter>Assets\Gui\GameStates</Filter>
    </Text>
    <Text Include="..\..\..\..\Assets\Gui\gs_title.txt">
      <Filter>Assets\Gui\GameStates</Filter>
    </Text>
    <Text Include="..\..\..\..\Assets\Gui\gs_topic_end.txt">
      <Filter>Assets\Gui\GameStates</Filter>
    </Text>
    <Text Include="..\..\..\..\Assets\Gui\gs_topic_start.txt">
      <Filter>Assets\Gui\GameStates</Filter>
    </Text>
    <Text Include="..\..\..\..\Assets\Gui\gs_user_draw.txt">
      <Filter>Assets\Gui\GameStates</Filter>
    </Text>
    <Text Include="..\..\..\..\Assets\Gui\gs-first-user.txt">
      <Filter>Assets\Gui\GameStates</Filter>
    </Text>
    <Text Include="..\..\..\..\Assets\Gui\page_symbol_text_4_landscape.txt">
      <Filter>Assets\Gui\PageLayout\Landscape</Filter>
    </Text>
    <Text Include="..\..\..\..\Assets\Gui\mcq_buttons_wide_landscape.txt">
      <Filter>Assets\Gui\PageLayout\Landscape</Filter>
    </Text>
    <Text Include="..\..\..\..\Assets\Gui\gui_top_bar_landscape.txt">
      <Filter>Assets\Gui\PageLayout\Landscape</Filter>
    </Text>
    <Text Include="..\..\..\..\Assets\Gui\gui-top-bar.txt">
      <Filter>Assets\Gui\PageLayout\Portrait</Filter>
    </Text>
    <Text Include="..\..\..\..\Assets\Gui\mcq-buttons-wide.txt">
      <Filter>Assets\Gui\PageLayout\Portrait</Filter>
    </Text>
    <Text Include="..\..\..\..\Assets\Gui\quit-confirm.txt">
      <Filter>Assets\Gui\PageLayout\Portrait</Filter>
    </Text>
    <Text Include="..\..\..\..\Assets\Gui\page_text_text_4_landscape.txt">
      <Filter>Assets\Gui\PageLayout\Landscape</Filter>
    </Text>
    <Text Include="..\..\..\..\Assets\Gui\page_text_text_4.txt">
      <Filter>Assets\Gui\PageLayout\Portrait</Filter>
    </Text>
    <Text Include="..\..\..\..\Assets\Gui\page_symbol_text_4.txt">
      <Filter>Assets\Gui\PageLayout\Portrait</Filter>
    </Text>
    <Text Include="..\..\..\..\Assets\Gui\page_symbol_symbol_4.txt">
      <Filter>Assets\Gui\PageLayout\Portrait</Filter>
    </Text>
    <Text Include="..\..\..\..\Assets\Gui\page_symbol_symbol_4_landscape.txt">
      <Filter>Assets\Gui\PageLayout\Landscape</Filter>
    </Text>
    <Text Include="..\..\..\..\Assets\Gui\mcq-buttons-square-symbol.txt">
      <Filter>Assets\Gui\PageLayout\Portrait</Filter>
    </Text>
    <Text Include="..\..\..\..\Assets\Gui\mcq_buttons_square_symbol_landscape.txt">
      <Filter>Assets\Gui\PageLayout\Landscape</Filter>
    </Text>
    <Text Include="..\..\..\..\Assets\Gui\page_text_symbol_4_landscape.txt">
      <Filter>Assets\Gui\PageLayout\Landscape</Filter>
    </Text>
    <Text Include="..\..\..\..\Assets\Gui\page_text_symbol_4.txt">
      <Filter>Assets\Gui\PageLayout\Portrait</Filter>
    </Text>
    <Text Include="..\..\..\..\Assets\Gui\gs_pages_landscape.txt">
      <Filter>Assets\Gui\PageLayout\Landscape</Filter>
    </Text>
    <Text Include="..\..\..\..\Assets\Gui\gs_pages.txt">
      <Filter>Assets\Gui\PageLayout\Portrait</Filter>
    </Text>
    <Text Include="..\..\..\..\Assets\Gui\music-score-bg.txt">
      <Filter>Assets\Gui\PageLayout\Portrait</Filter>
    </Text>
    <Text Include="..\..\..\..\Assets\Gui\music_score_bg_landscape.txt">
      <Filter>Assets\Gui\PageLayout\Landscape</Filter>
    </Text>
    <Text Include="..\..\..\..\Assets\Gui\text_bg_landscape.txt">
      <Filter>Assets\Gui\PageLayout\Landscape</Filter>
    </Text>
    <Text Include="..\..\..\..\Assets\Gui\question_text_landscape.txt">
      <Filter>Assets\Gui\PageLayout\Landscape</Filter>
    </Text>
    <Text Include="..\..\..\..\Assets\Gui\question_symbol_landscape.txt">
      <Filter>Assets\Gui\PageLayout\Landscape</Filter>
    </Text>
    <Text Include="..\..\..\..\Assets\Gui\blackboard_erase.txt">
      <Filter>Assets\Gui\PageLayout</Filter>
    </Text>
    <Text Include="..\..\..\..\Assets\Gui\stroke-rubout.txt">
      <Filter>Assets\Gui\Stroke</Filter>
    </Text>
    <Text Include="..\..\..\..\Assets\Gui\speech_bubble_landscape.txt">
      <Filter>Assets\Gui\PageLayout\Landscape</Filter>
    </Text>
    <Text Include="..\..\..\..\Assets\Scene\room1-scene.txt">
      <Filter>Assets\Scene</Filter>
    </Text>
    <Text Include="..\..\..\..\Assets\Scene\schoolhouse-scene.txt">
      <Filter>Assets\Scene</Filter>
    </Text>
    <Text Include="..\..\..\..\Assets\Scene\corridor-scene.txt">
      <Filter>Assets\Scene</Filter>
    </Text>
    <Text Include="..\..\..\..\Assets\Shaders\opengl\rotating-frag.txt">
      <Filter>Assets\Shaders\opengl</Filter>
    </Text>
    <Text Include="..\..\..\..\Assets\Shaders\opengl\rotating-vert.txt">
      <Filter>Assets\Shaders\opengl</Filter>
    </Text>
    <Text Include="..\..\..\..\Assets\Scene\corridor-one-door.txt">
      <Filter>Assets\Scene</Filter>
    </Text>
    <Text Include="..\..\..\..\Assets\Gui\stroke-correct-symbol.txt">
      <Filter>Assets\Gui\Stroke</Filter>
    </Text>
    <Text Include="..\..\..\..\Assets\Gui\stroke-correct-wide.txt">
      <Filter>Assets\Gui\Stroke</Filter>
    </Text>
    <Text Include="..\..\..\..\Assets\Gui\page_symbol_kb_landscape.txt">
      <Filter>Assets\Gui\PageLayout\Landscape</Filter>
    </Text>
    <Text Include="..\..\..\..\Assets\Gui\tappables.txt">
      <Filter>Assets\Gui\Tappables</Filter>
    </Text>
    <Text Include="..\..\..\..\Assets\Course\notes_on_treble_clef.txt">
      <Filter>Assets\Course</Filter>
    </Text>
    <Text Include="..\..\..\..\Assets\Course\notes_on_treble_clef_with_accidentals.txt">
      <Filter>Assets\Course</Filter>
    </Text>
    <Text Include="..\..\..\..\Assets\Gui\corridor_mode_wait.txt">
      <Filter>Assets\Gui\CorridorModes</Filter>
    </Text>
    <Text Include="..\..\..\..\Assets\Gui\corridor_mode_show_tappable.txt">
      <Filter>Assets\Gui\CorridorModes</Filter>
    </Text>
    <Text Include="..\..\..\..\Assets\Gui\tap-picture-note-lengths.txt">
      <Filter>Assets\Gui\Tappables</Filter>
    </Text>
    <Text Include="..\..\..\..\Assets\Gui\tap-picture-note-lengths-quavers.txt">
      <Filter>Assets\Gui\Tappables</Filter>
    </Text>
    <Text Include="..\..\..\..\Assets\Gui\hint-display.txt">
      <Filter>Assets\Gui</Filter>
    </Text>
    <Text Include="..\..\..\..\Assets\Gui\keyboard-black.txt">
      <Filter>Assets\Gui</Filter>
    </Text>
    <Text Include="..\..\..\..\Assets\Gui\keyboard-pink.txt">
      <Filter>Assets\Gui</Filter>
    </Text>
    <Text Include="..\..\..\..\Assets\Course\note_types.txt">
      <Filter>Assets\Course\Note lengths</Filter>
    </Text>
    <Text Include="..\..\..\..\Assets\Course\rest_names.txt">
      <Filter>Assets\Course</Filter>
    </Text>
    <Text Include="..\..\..\..\Assets\Scene\title-scene.txt">
      <Filter>Assets\Scene</Filter>
    </Text>
    <Text Include="..\..\..\..\Assets\Scene\topic_start_scene.txt">
      <Filter>Assets\Scene</Filter>
    </Text>
    <Text Include="..\..\..\..\Assets\Gui\page_play_notes.txt">
      <Filter>Assets\Gui\PageLayout\Landscape</Filter>
    </Text>
    <Text Include="..\..\..\..\Assets\Gui\page_interval.txt">
      <Filter>Assets\Gui\PageLayout\Landscape</Filter>
    </Text>
  </ItemGroup>
</Project>