
Microsoft Visual Studio Solution File, Format Version 12.00
# Visual Studio Express 2013 for Windows Desktop
VisualStudioVersion = 12.0.31101.0
MinimumVisualStudioVersion = 10.0.40219.1
Project("{8BC9CEB8-8B4A-11D0-8D11-00A0C91BC942}") = "AmjulaMusicTheory", "AmjulaMusicTheory\AmjulaMusicTheory.vcxproj", "{8A1EA8DA-78AE-41B8-8F9E-6929D7666196}"
	ProjectSection(ProjectDependencies) = postProject
		{93920D98-6C4D-43A6-8579-AA7200EC11D0} = {93920D98-6C4D-43A6-8579-AA7200EC11D0}
	EndProjectSection
EndProject
Project("{8BC9CEB8-8B4A-11D0-8D11-00A0C91BC942}") = "AmjuLibMsvc", "..\..\..\..\amjulib\Script\AmjuLibMsvc\AmjuLibMsvc\AmjuLibMsvc.vcxproj", "{93920D98-6C4D-43A6-8579-AA7200EC11D0}"
EndProject
Project("{8BC9CEB8-8B4A-11D0-8D11-00A0C91BC942}") = "MakeScore", "MakeScore\MakeScore.vcxproj", "{E2D331F5-D135-4C29-8991-092B5DA2E549}"
EndProject
Global
	GlobalSection(SolutionConfigurationPlatforms) = preSolution
		Catch|Win32 = Catch|Win32
		Catch|x64 = Catch|x64
		Debug|Win32 = Debug|Win32
		Debug|x64 = Debug|x64
		DebugAssetTest|Win32 = DebugAssetTest|Win32
		DebugAssetTest|x64 = DebugAssetTest|x64
		ES2Debug|Win32 = ES2Debug|Win32
		ES2Debug|x64 = ES2Debug|x64
		GTest|Win32 = GTest|Win32
		GTest|x64 = GTest|x64
		Release|Win32 = Release|Win32
		Release|x64 = Release|x64
		ReleaseAssetTest|Win32 = ReleaseAssetTest|Win32
		ReleaseAssetTest|x64 = ReleaseAssetTest|x64
	EndGlobalSection
	GlobalSection(ProjectConfigurationPlatforms) = postSolution
		{8A1EA8DA-78AE-41B8-8F9E-6929D7666196}.Catch|Win32.ActiveCfg = Catch|Win32
		{8A1EA8DA-78AE-41B8-8F9E-6929D7666196}.Catch|Win32.Build.0 = Catch|Win32
		{8A1EA8DA-78AE-41B8-8F9E-6929D7666196}.Catch|x64.ActiveCfg = Catch|Win32
		{8A1EA8DA-78AE-41B8-8F9E-6929D7666196}.Debug|Win32.ActiveCfg = Debug|Win32
		{8A1EA8DA-78AE-41B8-8F9E-6929D7666196}.Debug|Win32.Build.0 = Debug|Win32
		{8A1EA8DA-78AE-41B8-8F9E-6929D7666196}.Debug|x64.ActiveCfg = Debug|Win32
		{8A1EA8DA-78AE-41B8-8F9E-6929D7666196}.DebugAssetTest|Win32.ActiveCfg = Debug|Win32
		{8A1EA8DA-78AE-41B8-8F9E-6929D7666196}.DebugAssetTest|Win32.Build.0 = Debug|Win32
		{8A1EA8DA-78AE-41B8-8F9E-6929D7666196}.DebugAssetTest|x64.ActiveCfg = Release|Win32
		{8A1EA8DA-78AE-41B8-8F9E-6929D7666196}.DebugAssetTest|x64.Build.0 = Release|Win32
		{8A1EA8DA-78AE-41B8-8F9E-6929D7666196}.ES2Debug|Win32.ActiveCfg = Debug|Win32
		{8A1EA8DA-78AE-41B8-8F9E-6929D7666196}.ES2Debug|Win32.Build.0 = Debug|Win32
		{8A1EA8DA-78AE-41B8-8F9E-6929D7666196}.ES2Debug|x64.ActiveCfg = Release|Win32
		{8A1EA8DA-78AE-41B8-8F9E-6929D7666196}.ES2Debug|x64.Build.0 = Release|Win32
		{8A1EA8DA-78AE-41B8-8F9E-6929D7666196}.GTest|Win32.ActiveCfg = GTest|Win32
		{8A1EA8DA-78AE-41B8-8F9E-6929D7666196}.GTest|Win32.Build.0 = GTest|Win32
		{8A1EA8DA-78AE-41B8-8F9E-6929D7666196}.GTest|x64.ActiveCfg = GTest|Win32
		{8A1EA8DA-78AE-41B8-8F9E-6929D7666196}.Release|Win32.ActiveCfg = Release|Win32
		{8A1EA8DA-78AE-41B8-8F9E-6929D7666196}.Release|Win32.Build.0 = Release|Win32
		{8A1EA8DA-78AE-41B8-8F9E-6929D7666196}.Release|x64.ActiveCfg = Release|Win32
		{8A1EA8DA-78AE-41B8-8F9E-6929D7666196}.ReleaseAssetTest|Win32.ActiveCfg = Release|Win32
		{8A1EA8DA-78AE-41B8-8F9E-6929D7666196}.ReleaseAssetTest|Win32.Build.0 = Release|Win32
		{8A1EA8DA-78AE-41B8-8F9E-6929D7666196}.ReleaseAssetTest|x64.ActiveCfg = Release|Win32
		{8A1EA8DA-78AE-41B8-8F9E-6929D7666196}.ReleaseAssetTest|x64.Build.0 = Release|Win32
		{93920D98-6C4D-43A6-8579-AA7200EC11D0}.Catch|Win32.ActiveCfg = Catch|Win32
		{93920D98-6C4D-43A6-8579-AA7200EC11D0}.Catch|Win32.Build.0 = Catch|Win32
		{93920D98-6C4D-43A6-8579-AA7200EC11D0}.Catch|x64.ActiveCfg = Catch|Win32
		{93920D98-6C4D-43A6-8579-AA7200EC11D0}.Debug|Win32.ActiveCfg = Debug|Win32
		{93920D98-6C4D-43A6-8579-AA7200EC11D0}.Debug|Win32.Build.0 = Debug|Win32
		{93920D98-6C4D-43A6-8579-AA7200EC11D0}.Debug|x64.ActiveCfg = Debug|Win32
		{93920D98-6C4D-43A6-8579-AA7200EC11D0}.DebugAssetTest|Win32.ActiveCfg = DebugAssetTest|Win32
		{93920D98-6C4D-43A6-8579-AA7200EC11D0}.DebugAssetTest|Win32.Build.0 = DebugAssetTest|Win32
		{93920D98-6C4D-43A6-8579-AA7200EC11D0}.DebugAssetTest|x64.ActiveCfg = DebugAssetTest|Win32
		{93920D98-6C4D-43A6-8579-AA7200EC11D0}.ES2Debug|Win32.ActiveCfg = ES2Debug|Win32
		{93920D98-6C4D-43A6-8579-AA7200EC11D0}.ES2Debug|Win32.Build.0 = ES2Debug|Win32
		{93920D98-6C4D-43A6-8579-AA7200EC11D0}.ES2Debug|x64.ActiveCfg = ES2Debug|Win32
		{93920D98-6C4D-43A6-8579-AA7200EC11D0}.GTest|Win32.ActiveCfg = GTest|Win32
		{93920D98-6C4D-43A6-8579-AA7200EC11D0}.GTest|Win32.Build.0 = GTest|Win32
		{93920D98-6C4D-43A6-8579-AA7200EC11D0}.GTest|x64.ActiveCfg = GTest|Win32
		{93920D98-6C4D-43A6-8579-AA7200EC11D0}.Release|Win32.ActiveCfg = Release|Win32
		{93920D98-6C4D-43A6-8579-AA7200EC11D0}.Release|Win32.Build.0 = Release|Win32
		{93920D98-6C4D-43A6-8579-AA7200EC11D0}.Release|x64.ActiveCfg = Release|Win32
		{93920D98-6C4D-43A6-8579-AA7200EC11D0}.ReleaseAssetTest|Win32.ActiveCfg = ReleaseAssetTest|Win32
		{93920D98-6C4D-43A6-8579-AA7200EC11D0}.ReleaseAssetTest|Win32.Build.0 = ReleaseAssetTest|Win32
		{93920D98-6C4D-43A6-8579-AA7200EC11D0}.ReleaseAssetTest|x64.ActiveCfg = ReleaseAssetTest|Win32
		{E2D331F5-D135-4C29-8991-092B5DA2E549}.Catch|Win32.ActiveCfg = Release|Win32
		{E2D331F5-D135-4C29-8991-092B5DA2E549}.Catch|Win32.Build.0 = Release|Win32
		{E2D331F5-D135-4C29-8991-092B5DA2E549}.Catch|x64.ActiveCfg = Release|x64
		{E2D331F5-D135-4C29-8991-092B5DA2E549}.Catch|x64.Build.0 = Release|x64
		{E2D331F5-D135-4C29-8991-092B5DA2E549}.Debug|Win32.ActiveCfg = Debug|Win32
		{E2D331F5-D135-4C29-8991-092B5DA2E549}.Debug|Win32.Build.0 = Debug|Win32
		{E2D331F5-D135-4C29-8991-092B5DA2E549}.Debug|x64.ActiveCfg = Debug|x64
		{E2D331F5-D135-4C29-8991-092B5DA2E549}.Debug|x64.Build.0 = Debug|x64
		{E2D331F5-D135-4C29-8991-092B5DA2E549}.DebugAssetTest|Win32.ActiveCfg = Debug|Win32
		{E2D331F5-D135-4C29-8991-092B5DA2E549}.DebugAssetTest|Win32.Build.0 = Debug|Win32
		{E2D331F5-D135-4C29-8991-092B5DA2E549}.DebugAssetTest|x64.ActiveCfg = Debug|x64
		{E2D331F5-D135-4C29-8991-092B5DA2E549}.DebugAssetTest|x64.Build.0 = Debug|x64
		{E2D331F5-D135-4C29-8991-092B5DA2E549}.ES2Debug|Win32.ActiveCfg = Debug|Win32
		{E2D331F5-D135-4C29-8991-092B5DA2E549}.ES2Debug|Win32.Build.0 = Debug|Win32
		{E2D331F5-D135-4C29-8991-092B5DA2E549}.ES2Debug|x64.ActiveCfg = Debug|x64
		{E2D331F5-D135-4C29-8991-092B5DA2E549}.ES2Debug|x64.Build.0 = Debug|x64
		{E2D331F5-D135-4C29-8991-092B5DA2E549}.GTest|Win32.ActiveCfg = Release|Win32
		{E2D331F5-D135-4C29-8991-092B5DA2E549}.GTest|Win32.Build.0 = Release|Win32
		{E2D331F5-D135-4C29-8991-092B5DA2E549}.GTest|x64.ActiveCfg = Release|x64
		{E2D331F5-D135-4C29-8991-092B5DA2E549}.GTest|x64.Build.0 = Release|x64
		{E2D331F5-D135-4C29-8991-092B5DA2E549}.Release|Win32.ActiveCfg = Release|Win32
		{E2D331F5-D135-4C29-8991-092B5DA2E549}.Release|Win32.Build.0 = Release|Win32
		{E2D331F5-D135-4C29-8991-092B5DA2E549}.Release|x64.ActiveCfg = Release|x64
		{E2D331F5-D135-4C29-8991-092B5DA2E549}.Release|x64.Build.0 = Release|x64
		{E2D331F5-D135-4C29-8991-092B5DA2E549}.ReleaseAssetTest|Win32.ActiveCfg = Release|Win32
		{E2D331F5-D135-4C29-8991-092B5DA2E549}.ReleaseAssetTest|Win32.Build.0 = Release|Win32
		{E2D331F5-D135-4C29-8991-092B5DA2E549}.ReleaseAssetTest|x64.ActiveCfg = Release|x64
		{E2D331F5-D135-4C29-8991-092B5DA2E549}.ReleaseAssetTest|x64.Build.0 = Release|x64
	EndGlobalSection
	GlobalSection(SolutionProperties) = preSolution
		HideSolutionNode = FALSE
	EndGlobalSection
EndGlobal
